// !$*UTF8*$!
{
	archiveVersion = 1;
	classes = {
	};
	objectVersion = 55;
	objects = {

/* Begin PBXBuildFile section */
		2E1821912704520400B271CA /* UI.docc in Sources */ = {isa = PBXBuildFile; fileRef = 2E1821902704520400B271CA /* UI.docc */; };
		2E1821922704520400B271CA /* UI.h in Headers */ = {isa = PBXBuildFile; fileRef = 2E18218F2704520400B271CA /* UI.h */; settings = {ATTRIBUTES = (Public, ); }; };
		2E1821BB270454E800B271CA /* CampComponentPresenter.swift in Sources */ = {isa = PBXBuildFile; fileRef = 2E1821982704522000B271CA /* CampComponentPresenter.swift */; };
		2E1821BC270454EC00B271CA /* CampComponent.swift in Sources */ = {isa = PBXBuildFile; fileRef = 2E18219C2704522000B271CA /* CampComponent.swift */; };
		2E1821BD270454F000B271CA /* Label.swift in Sources */ = {isa = PBXBuildFile; fileRef = 2E18219F2704522000B271CA /* Label.swift */; };
		2E1821BE270454F600B271CA /* IconedLabelPresenter.swift in Sources */ = {isa = PBXBuildFile; fileRef = 2E1821A12704522000B271CA /* IconedLabelPresenter.swift */; };
		2E1821BF270454F900B271CA /* IconedLabel.swift in Sources */ = {isa = PBXBuildFile; fileRef = 2E1821A32704522000B271CA /* IconedLabel.swift */; };
		2E1821C0270454FF00B271CA /* BaseView.swift in Sources */ = {isa = PBXBuildFile; fileRef = 2E1821A72704522000B271CA /* BaseView.swift */; };
		2E1821C12704550200B271CA /* BasePresenter.swift in Sources */ = {isa = PBXBuildFile; fileRef = 2E1821A92704522000B271CA /* BasePresenter.swift */; };
		2E1821C22704550600B271CA /* BaseInteractor.swift in Sources */ = {isa = PBXBuildFile; fileRef = 2E1821AB2704522000B271CA /* BaseInteractor.swift */; };
		2E1821C32704550900B271CA /* BaseListController.swift in Sources */ = {isa = PBXBuildFile; fileRef = 2E1821AE2704522000B271CA /* BaseListController.swift */; };
		2E1821C42704550D00B271CA /* Then.swift in Sources */ = {isa = PBXBuildFile; fileRef = 2E1821B02704522000B271CA /* Then.swift */; };
		2E1821C52704562F00B271CA /* CampComponentView.swift in Sources */ = {isa = PBXBuildFile; fileRef = 2E18219A2704522000B271CA /* CampComponentView.swift */; };
		2E1821E0270457D600B271CA /* Common.framework in Frameworks */ = {isa = PBXBuildFile; fileRef = 2E1821DF270457D600B271CA /* Common.framework */; };
		2E1821E1270457D600B271CA /* Common.framework in Embed Frameworks */ = {isa = PBXBuildFile; fileRef = 2E1821DF270457D600B271CA /* Common.framework */; settings = {ATTRIBUTES = (CodeSignOnCopy, RemoveHeadersOnCopy, ); }; };
		2E18222D270459FD00B271CA /* YTNetwork.framework in Frameworks */ = {isa = PBXBuildFile; fileRef = 2E18222C270459FD00B271CA /* YTNetwork.framework */; };
		2E18222E270459FD00B271CA /* YTNetwork.framework in Embed Frameworks */ = {isa = PBXBuildFile; fileRef = 2E18222C270459FD00B271CA /* YTNetwork.framework */; settings = {ATTRIBUTES = (CodeSignOnCopy, RemoveHeadersOnCopy, ); }; };
		2E4300FB2704F12400B4A381 /* ViewHeaderComponent.swift in Sources */ = {isa = PBXBuildFile; fileRef = 2E4300FA2704F12400B4A381 /* ViewHeaderComponent.swift */; };
		2E4300FF2704F13B00B4A381 /* ViewHeaderView.swift in Sources */ = {isa = PBXBuildFile; fileRef = 2E4300FE2704F13B00B4A381 /* ViewHeaderView.swift */; };
		2E4301012704F14400B4A381 /* ViewHeaderPresenter.swift in Sources */ = {isa = PBXBuildFile; fileRef = 2E4301002704F14400B4A381 /* ViewHeaderPresenter.swift */; };
		2E430104270508A600B4A381 /* SegmentSelectionComponent.swift in Sources */ = {isa = PBXBuildFile; fileRef = 2E430103270508A600B4A381 /* SegmentSelectionComponent.swift */; };
		2E430108270508BF00B4A381 /* SegmentSelectionView.swift in Sources */ = {isa = PBXBuildFile; fileRef = 2E430107270508BF00B4A381 /* SegmentSelectionView.swift */; };
		2E43010A270508C900B4A381 /* SegmentSelectionPresenter.swift in Sources */ = {isa = PBXBuildFile; fileRef = 2E430109270508C900B4A381 /* SegmentSelectionPresenter.swift */; };
		2E4301112706312200B4A381 /* SegmentItemComponent.swift in Sources */ = {isa = PBXBuildFile; fileRef = 2E4301102706312200B4A381 /* SegmentItemComponent.swift */; };
		2E4301132706313400B4A381 /* SegmentItemPresenter.swift in Sources */ = {isa = PBXBuildFile; fileRef = 2E4301122706313400B4A381 /* SegmentItemPresenter.swift */; };
		2E4301152706313B00B4A381 /* SegmentItemView.swift in Sources */ = {isa = PBXBuildFile; fileRef = 2E4301142706313B00B4A381 /* SegmentItemView.swift */; };
		2E52F07F270996EC00A3A0AD /* CampDetailComponent.swift in Sources */ = {isa = PBXBuildFile; fileRef = 2E52F07E270996EC00A3A0AD /* CampDetailComponent.swift */; };
		2E52F081270996F900A3A0AD /* CampDetailView.swift in Sources */ = {isa = PBXBuildFile; fileRef = 2E52F080270996F900A3A0AD /* CampDetailView.swift */; };
		2E52F0832709970400A3A0AD /* CampDetailPresenter.swift in Sources */ = {isa = PBXBuildFile; fileRef = 2E52F0822709970400A3A0AD /* CampDetailPresenter.swift */; };
		2E770C192707883600872550 /* YTCarouselComponent.swift in Sources */ = {isa = PBXBuildFile; fileRef = 2E770C182707883600872550 /* YTCarouselComponent.swift */; };
		2E770C1D2707885500872550 /* YTCarouselView.swift in Sources */ = {isa = PBXBuildFile; fileRef = 2E770C1C2707885500872550 /* YTCarouselView.swift */; };
		2E770C1F2707886000872550 /* YTCarouselPresenter.swift in Sources */ = {isa = PBXBuildFile; fileRef = 2E770C1E2707886000872550 /* YTCarouselPresenter.swift */; };
		2E770C2427078CA200872550 /* YTPageStackView.swift in Sources */ = {isa = PBXBuildFile; fileRef = 2E770C2327078CA200872550 /* YTPageStackView.swift */; };
		2E770C2627078CF500872550 /* YTPageStackViewPresenter.swift in Sources */ = {isa = PBXBuildFile; fileRef = 2E770C2527078CF500872550 /* YTPageStackViewPresenter.swift */; };
		2E770C2B2707918500872550 /* Stackview.swift in Sources */ = {isa = PBXBuildFile; fileRef = 2E770C2A2707918500872550 /* Stackview.swift */; };
		2E770C2D27089CFC00872550 /* LabelComponent.swift in Sources */ = {isa = PBXBuildFile; fileRef = 2E770C2C27089CFC00872550 /* LabelComponent.swift */; };
		2E770C3127089D3A00872550 /* LabelPresenter.swift in Sources */ = {isa = PBXBuildFile; fileRef = 2E770C3027089D3A00872550 /* LabelPresenter.swift */; };
		2E770C342708C35200872550 /* CampAreaComponent.swift in Sources */ = {isa = PBXBuildFile; fileRef = 2E770C332708C35200872550 /* CampAreaComponent.swift */; };
		2E770C382708C38C00872550 /* CampAreaComponentView.swift in Sources */ = {isa = PBXBuildFile; fileRef = 2E770C372708C38C00872550 /* CampAreaComponentView.swift */; };
		2E770C3A2708C3A000872550 /* CampAreaComponentPresenter.swift in Sources */ = {isa = PBXBuildFile; fileRef = 2E770C392708C3A000872550 /* CampAreaComponentPresenter.swift */; };
		2E770C422708DC9900872550 /* CampAreaItemComponent.swift in Sources */ = {isa = PBXBuildFile; fileRef = 2E770C412708DC9900872550 /* CampAreaItemComponent.swift */; };
		2E770C46270902AC00872550 /* CampAreaItemView.swift in Sources */ = {isa = PBXBuildFile; fileRef = 2E770C45270902AC00872550 /* CampAreaItemView.swift */; };
		2E770C48270902B400872550 /* CampAreaItemPresenter.swift in Sources */ = {isa = PBXBuildFile; fileRef = 2E770C47270902B400872550 /* CampAreaItemPresenter.swift */; };
		2E7BB7DB270B70FF00B2DCBB /* ImageComponent.swift in Sources */ = {isa = PBXBuildFile; fileRef = 2E7BB7DA270B70FF00B2DCBB /* ImageComponent.swift */; };
		2E7BB7DD270B711200B2DCBB /* ImageView.swift in Sources */ = {isa = PBXBuildFile; fileRef = 2E7BB7DC270B711200B2DCBB /* ImageView.swift */; };
		2E7BB7DF270B711A00B2DCBB /* ImagePresenter.swift in Sources */ = {isa = PBXBuildFile; fileRef = 2E7BB7DE270B711A00B2DCBB /* ImagePresenter.swift */; };
		2E7BB7ED270B7DBD00B2DCBB /* Tappable.swift in Sources */ = {isa = PBXBuildFile; fileRef = 2E7BB7EC270B7DBD00B2DCBB /* Tappable.swift */; };
		2E7BB7F0270E271B00B2DCBB /* CustomCollectionAdaptor.swift in Sources */ = {isa = PBXBuildFile; fileRef = 2E7BB7EF270E271B00B2DCBB /* CustomCollectionAdaptor.swift */; };
		2E7BB7F5270E2D1E00B2DCBB /* CampDetailDistanceComponent.swift in Sources */ = {isa = PBXBuildFile; fileRef = 2E7BB7F4270E2D1E00B2DCBB /* CampDetailDistanceComponent.swift */; };
		2E7BB7F7270E2D5300B2DCBB /* CampDetailDistanceView.swift in Sources */ = {isa = PBXBuildFile; fileRef = 2E7BB7F6270E2D5300B2DCBB /* CampDetailDistanceView.swift */; };
		2E7BB7F9270E2D6700B2DCBB /* CampDetailDistancePresenter.swift in Sources */ = {isa = PBXBuildFile; fileRef = 2E7BB7F8270E2D6700B2DCBB /* CampDetailDistancePresenter.swift */; };
		2E7BB7FC270E2F8700B2DCBB /* TwoRowIconedLabel.swift in Sources */ = {isa = PBXBuildFile; fileRef = 2E7BB7FB270E2F8700B2DCBB /* TwoRowIconedLabel.swift */; };
		2E7BB7FF270E2FA300B2DCBB /* TwoRowIconedLabelPresenter.swift in Sources */ = {isa = PBXBuildFile; fileRef = 2E7BB7FE270E2FA300B2DCBB /* TwoRowIconedLabelPresenter.swift */; };
		543F2D1CE4C277994D053E6A /* Pods_YTUI.framework in Frameworks */ = {isa = PBXBuildFile; fileRef = DE28CAFF264184A4267B456D /* Pods_YTUI.framework */; };
/* End PBXBuildFile section */

/* Begin PBXCopyFilesBuildPhase section */
		2E1821E2270457D600B271CA /* Embed Frameworks */ = {
			isa = PBXCopyFilesBuildPhase;
			buildActionMask = 2147483647;
			dstPath = "";
			dstSubfolderSpec = 10;
			files = (
				2E18222E270459FD00B271CA /* YTNetwork.framework in Embed Frameworks */,
				2E1821E1270457D600B271CA /* Common.framework in Embed Frameworks */,
			);
			name = "Embed Frameworks";
			runOnlyForDeploymentPostprocessing = 0;
		};
/* End PBXCopyFilesBuildPhase section */

/* Begin PBXFileReference section */
		2E18218C2704520400B271CA /* YTUI.framework */ = {isa = PBXFileReference; explicitFileType = wrapper.framework; includeInIndex = 0; path = YTUI.framework; sourceTree = BUILT_PRODUCTS_DIR; };
		2E18218F2704520400B271CA /* UI.h */ = {isa = PBXFileReference; lastKnownFileType = sourcecode.c.h; path = UI.h; sourceTree = "<group>"; };
		2E1821902704520400B271CA /* UI.docc */ = {isa = PBXFileReference; lastKnownFileType = folder.documentationcatalog; path = UI.docc; sourceTree = "<group>"; };
		2E1821982704522000B271CA /* CampComponentPresenter.swift */ = {isa = PBXFileReference; lastKnownFileType = sourcecode.swift; path = CampComponentPresenter.swift; sourceTree = "<group>"; };
		2E18219A2704522000B271CA /* CampComponentView.swift */ = {isa = PBXFileReference; lastKnownFileType = sourcecode.swift; path = CampComponentView.swift; sourceTree = "<group>"; };
		2E18219C2704522000B271CA /* CampComponent.swift */ = {isa = PBXFileReference; lastKnownFileType = sourcecode.swift; path = CampComponent.swift; sourceTree = "<group>"; };
		2E18219F2704522000B271CA /* Label.swift */ = {isa = PBXFileReference; lastKnownFileType = sourcecode.swift; path = Label.swift; sourceTree = "<group>"; };
		2E1821A12704522000B271CA /* IconedLabelPresenter.swift */ = {isa = PBXFileReference; lastKnownFileType = sourcecode.swift; path = IconedLabelPresenter.swift; sourceTree = "<group>"; };
		2E1821A32704522000B271CA /* IconedLabel.swift */ = {isa = PBXFileReference; lastKnownFileType = sourcecode.swift; path = IconedLabel.swift; sourceTree = "<group>"; };
		2E1821A72704522000B271CA /* BaseView.swift */ = {isa = PBXFileReference; lastKnownFileType = sourcecode.swift; path = BaseView.swift; sourceTree = "<group>"; };
		2E1821A92704522000B271CA /* BasePresenter.swift */ = {isa = PBXFileReference; lastKnownFileType = sourcecode.swift; path = BasePresenter.swift; sourceTree = "<group>"; };
		2E1821AB2704522000B271CA /* BaseInteractor.swift */ = {isa = PBXFileReference; lastKnownFileType = sourcecode.swift; path = BaseInteractor.swift; sourceTree = "<group>"; };
		2E1821AE2704522000B271CA /* BaseListController.swift */ = {isa = PBXFileReference; lastKnownFileType = sourcecode.swift; path = BaseListController.swift; sourceTree = "<group>"; };
		2E1821B02704522000B271CA /* Then.swift */ = {isa = PBXFileReference; lastKnownFileType = sourcecode.swift; path = Then.swift; sourceTree = "<group>"; };
		2E1821DF270457D600B271CA /* Common.framework */ = {isa = PBXFileReference; explicitFileType = wrapper.framework; path = Common.framework; sourceTree = BUILT_PRODUCTS_DIR; };
		2E18222C270459FD00B271CA /* YTNetwork.framework */ = {isa = PBXFileReference; explicitFileType = wrapper.framework; path = YTNetwork.framework; sourceTree = BUILT_PRODUCTS_DIR; };
		2E4300FA2704F12400B4A381 /* ViewHeaderComponent.swift */ = {isa = PBXFileReference; lastKnownFileType = sourcecode.swift; path = ViewHeaderComponent.swift; sourceTree = "<group>"; };
		2E4300FE2704F13B00B4A381 /* ViewHeaderView.swift */ = {isa = PBXFileReference; lastKnownFileType = sourcecode.swift; path = ViewHeaderView.swift; sourceTree = "<group>"; };
		2E4301002704F14400B4A381 /* ViewHeaderPresenter.swift */ = {isa = PBXFileReference; lastKnownFileType = sourcecode.swift; path = ViewHeaderPresenter.swift; sourceTree = "<group>"; };
		2E430103270508A600B4A381 /* SegmentSelectionComponent.swift */ = {isa = PBXFileReference; lastKnownFileType = sourcecode.swift; path = SegmentSelectionComponent.swift; sourceTree = "<group>"; };
		2E430107270508BF00B4A381 /* SegmentSelectionView.swift */ = {isa = PBXFileReference; lastKnownFileType = sourcecode.swift; path = SegmentSelectionView.swift; sourceTree = "<group>"; };
		2E430109270508C900B4A381 /* SegmentSelectionPresenter.swift */ = {isa = PBXFileReference; lastKnownFileType = sourcecode.swift; path = SegmentSelectionPresenter.swift; sourceTree = "<group>"; };
		2E4301102706312200B4A381 /* SegmentItemComponent.swift */ = {isa = PBXFileReference; lastKnownFileType = sourcecode.swift; path = SegmentItemComponent.swift; sourceTree = "<group>"; };
		2E4301122706313400B4A381 /* SegmentItemPresenter.swift */ = {isa = PBXFileReference; lastKnownFileType = sourcecode.swift; path = SegmentItemPresenter.swift; sourceTree = "<group>"; };
		2E4301142706313B00B4A381 /* SegmentItemView.swift */ = {isa = PBXFileReference; lastKnownFileType = sourcecode.swift; path = SegmentItemView.swift; sourceTree = "<group>"; };
		2E52F07E270996EC00A3A0AD /* CampDetailComponent.swift */ = {isa = PBXFileReference; lastKnownFileType = sourcecode.swift; path = CampDetailComponent.swift; sourceTree = "<group>"; };
		2E52F080270996F900A3A0AD /* CampDetailView.swift */ = {isa = PBXFileReference; lastKnownFileType = sourcecode.swift; path = CampDetailView.swift; sourceTree = "<group>"; };
		2E52F0822709970400A3A0AD /* CampDetailPresenter.swift */ = {isa = PBXFileReference; lastKnownFileType = sourcecode.swift; path = CampDetailPresenter.swift; sourceTree = "<group>"; };
		2E770C182707883600872550 /* YTCarouselComponent.swift */ = {isa = PBXFileReference; lastKnownFileType = sourcecode.swift; path = YTCarouselComponent.swift; sourceTree = "<group>"; };
		2E770C1C2707885500872550 /* YTCarouselView.swift */ = {isa = PBXFileReference; lastKnownFileType = sourcecode.swift; path = YTCarouselView.swift; sourceTree = "<group>"; };
		2E770C1E2707886000872550 /* YTCarouselPresenter.swift */ = {isa = PBXFileReference; lastKnownFileType = sourcecode.swift; path = YTCarouselPresenter.swift; sourceTree = "<group>"; };
		2E770C2327078CA200872550 /* YTPageStackView.swift */ = {isa = PBXFileReference; lastKnownFileType = sourcecode.swift; path = YTPageStackView.swift; sourceTree = "<group>"; };
		2E770C2527078CF500872550 /* YTPageStackViewPresenter.swift */ = {isa = PBXFileReference; lastKnownFileType = sourcecode.swift; path = YTPageStackViewPresenter.swift; sourceTree = "<group>"; };
		2E770C2A2707918500872550 /* Stackview.swift */ = {isa = PBXFileReference; lastKnownFileType = sourcecode.swift; path = Stackview.swift; sourceTree = "<group>"; };
		2E770C2C27089CFC00872550 /* LabelComponent.swift */ = {isa = PBXFileReference; lastKnownFileType = sourcecode.swift; path = LabelComponent.swift; sourceTree = "<group>"; };
		2E770C3027089D3A00872550 /* LabelPresenter.swift */ = {isa = PBXFileReference; lastKnownFileType = sourcecode.swift; path = LabelPresenter.swift; sourceTree = "<group>"; };
		2E770C332708C35200872550 /* CampAreaComponent.swift */ = {isa = PBXFileReference; lastKnownFileType = sourcecode.swift; path = CampAreaComponent.swift; sourceTree = "<group>"; };
		2E770C372708C38C00872550 /* CampAreaComponentView.swift */ = {isa = PBXFileReference; lastKnownFileType = sourcecode.swift; path = CampAreaComponentView.swift; sourceTree = "<group>"; };
		2E770C392708C3A000872550 /* CampAreaComponentPresenter.swift */ = {isa = PBXFileReference; lastKnownFileType = sourcecode.swift; path = CampAreaComponentPresenter.swift; sourceTree = "<group>"; };
		2E770C412708DC9900872550 /* CampAreaItemComponent.swift */ = {isa = PBXFileReference; lastKnownFileType = sourcecode.swift; path = CampAreaItemComponent.swift; sourceTree = "<group>"; };
		2E770C45270902AC00872550 /* CampAreaItemView.swift */ = {isa = PBXFileReference; lastKnownFileType = sourcecode.swift; path = CampAreaItemView.swift; sourceTree = "<group>"; };
		2E770C47270902B400872550 /* CampAreaItemPresenter.swift */ = {isa = PBXFileReference; lastKnownFileType = sourcecode.swift; path = CampAreaItemPresenter.swift; sourceTree = "<group>"; };
		2E7BB7DA270B70FF00B2DCBB /* ImageComponent.swift */ = {isa = PBXFileReference; lastKnownFileType = sourcecode.swift; path = ImageComponent.swift; sourceTree = "<group>"; };
		2E7BB7DC270B711200B2DCBB /* ImageView.swift */ = {isa = PBXFileReference; lastKnownFileType = sourcecode.swift; path = ImageView.swift; sourceTree = "<group>"; };
		2E7BB7DE270B711A00B2DCBB /* ImagePresenter.swift */ = {isa = PBXFileReference; lastKnownFileType = sourcecode.swift; path = ImagePresenter.swift; sourceTree = "<group>"; };
		2E7BB7EC270B7DBD00B2DCBB /* Tappable.swift */ = {isa = PBXFileReference; lastKnownFileType = sourcecode.swift; path = Tappable.swift; sourceTree = "<group>"; };
		2E7BB7EF270E271B00B2DCBB /* CustomCollectionAdaptor.swift */ = {isa = PBXFileReference; lastKnownFileType = sourcecode.swift; path = CustomCollectionAdaptor.swift; sourceTree = "<group>"; };
		2E7BB7F4270E2D1E00B2DCBB /* CampDetailDistanceComponent.swift */ = {isa = PBXFileReference; lastKnownFileType = sourcecode.swift; path = CampDetailDistanceComponent.swift; sourceTree = "<group>"; };
		2E7BB7F6270E2D5300B2DCBB /* CampDetailDistanceView.swift */ = {isa = PBXFileReference; lastKnownFileType = sourcecode.swift; path = CampDetailDistanceView.swift; sourceTree = "<group>"; };
		2E7BB7F8270E2D6700B2DCBB /* CampDetailDistancePresenter.swift */ = {isa = PBXFileReference; lastKnownFileType = sourcecode.swift; path = CampDetailDistancePresenter.swift; sourceTree = "<group>"; };
		2E7BB7FB270E2F8700B2DCBB /* TwoRowIconedLabel.swift */ = {isa = PBXFileReference; lastKnownFileType = sourcecode.swift; path = TwoRowIconedLabel.swift; sourceTree = "<group>"; };
		2E7BB7FE270E2FA300B2DCBB /* TwoRowIconedLabelPresenter.swift */ = {isa = PBXFileReference; lastKnownFileType = sourcecode.swift; path = TwoRowIconedLabelPresenter.swift; sourceTree = "<group>"; };
		5A808E72257160EE67BF7BEE /* Pods-YTUI.release.xcconfig */ = {isa = PBXFileReference; includeInIndex = 1; lastKnownFileType = text.xcconfig; name = "Pods-YTUI.release.xcconfig"; path = "Target Support Files/Pods-YTUI/Pods-YTUI.release.xcconfig"; sourceTree = "<group>"; };
		8F1F97B711C5A07C63A4EFFD /* Pods-YTUI.debug.xcconfig */ = {isa = PBXFileReference; includeInIndex = 1; lastKnownFileType = text.xcconfig; name = "Pods-YTUI.debug.xcconfig"; path = "Target Support Files/Pods-YTUI/Pods-YTUI.debug.xcconfig"; sourceTree = "<group>"; };
		DE28CAFF264184A4267B456D /* Pods_YTUI.framework */ = {isa = PBXFileReference; explicitFileType = wrapper.framework; includeInIndex = 0; path = Pods_YTUI.framework; sourceTree = BUILT_PRODUCTS_DIR; };
/* End PBXFileReference section */

/* Begin PBXFrameworksBuildPhase section */
		2E1821892704520400B271CA /* Frameworks */ = {
			isa = PBXFrameworksBuildPhase;
			buildActionMask = 2147483647;
			files = (
				2E18222D270459FD00B271CA /* YTNetwork.framework in Frameworks */,
				543F2D1CE4C277994D053E6A /* Pods_YTUI.framework in Frameworks */,
				2E1821E0270457D600B271CA /* Common.framework in Frameworks */,
			);
			runOnlyForDeploymentPostprocessing = 0;
		};
/* End PBXFrameworksBuildPhase section */

/* Begin PBXGroup section */
		2E1821822704520400B271CA = {
			isa = PBXGroup;
			children = (
				2E18218E2704520400B271CA /* UI */,
				2E18218D2704520400B271CA /* Products */,
				42BC0A83DBD7B4D7120ED439 /* Pods */,
				C18807477CF8CB40739BC291 /* Frameworks */,
			);
			sourceTree = "<group>";
		};
		2E18218D2704520400B271CA /* Products */ = {
			isa = PBXGroup;
			children = (
				2E18218C2704520400B271CA /* YTUI.framework */,
			);
			name = Products;
			sourceTree = "<group>";
		};
		2E18218E2704520400B271CA /* UI */ = {
			isa = PBXGroup;
			children = (
				2E770C292707917900872550 /* Extensions */,
				2E1821A62704522000B271CA /* Components */,
				2E1821B22704522000B271CA /* Base */,
				2E18218F2704520400B271CA /* UI.h */,
				2E1821902704520400B271CA /* UI.docc */,
			);
			path = UI;
			sourceTree = "<group>";
		};
		2E1821992704522000B271CA /* Presenter */ = {
			isa = PBXGroup;
			children = (
				2E1821982704522000B271CA /* CampComponentPresenter.swift */,
			);
			path = Presenter;
			sourceTree = "<group>";
		};
		2E18219B2704522000B271CA /* View */ = {
			isa = PBXGroup;
			children = (
				2E18219A2704522000B271CA /* CampComponentView.swift */,
			);
			path = View;
			sourceTree = "<group>";
		};
		2E18219D2704522000B271CA /* CampComponent */ = {
			isa = PBXGroup;
			children = (
				2E1821992704522000B271CA /* Presenter */,
				2E18219B2704522000B271CA /* View */,
				2E18219C2704522000B271CA /* CampComponent.swift */,
			);
			path = CampComponent;
			sourceTree = "<group>";
		};
		2E18219E2704522000B271CA /* ComplexComponents */ = {
			isa = PBXGroup;
			children = (
				2E7BB7F1270E2D0000B2DCBB /* CampDetailDistanceComponent */,
				2E52F07B270996CF00A3A0AD /* CampDetailComponent */,
				2E770C322708C33D00872550 /* CampAreaComponent */,
				2E770C2027078C3B00872550 /* YTPageStack */,
				2E770C17270787CD00872550 /* YTCarousel */,
				2E4301022705088E00B4A381 /* SegmentSelectionComponent */,
				2E4300F92704F11400B4A381 /* ViewHeaderComponent */,
				2E18219D2704522000B271CA /* CampComponent */,
			);
			path = ComplexComponents;
			sourceTree = "<group>";
		};
		2E1821A02704522000B271CA /* Label */ = {
			isa = PBXGroup;
			children = (
				2E770C2E27089D2300872550 /* Presenter */,
				2E770C2F27089D2A00872550 /* View */,
				2E770C2C27089CFC00872550 /* LabelComponent.swift */,
			);
			path = Label;
			sourceTree = "<group>";
		};
		2E1821A22704522000B271CA /* Presenter */ = {
			isa = PBXGroup;
			children = (
				2E1821A12704522000B271CA /* IconedLabelPresenter.swift */,
			);
			path = Presenter;
			sourceTree = "<group>";
		};
		2E1821A42704522000B271CA /* IconedLabel */ = {
			isa = PBXGroup;
			children = (
				2E1821A22704522000B271CA /* Presenter */,
				2E1821A32704522000B271CA /* IconedLabel.swift */,
			);
			path = IconedLabel;
			sourceTree = "<group>";
		};
		2E1821A52704522000B271CA /* BasicComponents */ = {
			isa = PBXGroup;
			children = (
				2E7BB7FA270E2F7600B2DCBB /* TwoRowIconedLabel */,
				2E7BB7D7270B70CF00B2DCBB /* ImageComponent */,
				2E1821A02704522000B271CA /* Label */,
				2E1821A42704522000B271CA /* IconedLabel */,
			);
			path = BasicComponents;
			sourceTree = "<group>";
		};
		2E1821A62704522000B271CA /* Components */ = {
			isa = PBXGroup;
			children = (
				2E18219E2704522000B271CA /* ComplexComponents */,
				2E1821A52704522000B271CA /* BasicComponents */,
			);
			path = Components;
			sourceTree = "<group>";
		};
		2E1821A82704522000B271CA /* View */ = {
			isa = PBXGroup;
			children = (
				2E1821A72704522000B271CA /* BaseView.swift */,
			);
			path = View;
			sourceTree = "<group>";
		};
		2E1821AA2704522000B271CA /* Presenter */ = {
			isa = PBXGroup;
			children = (
				2E1821A92704522000B271CA /* BasePresenter.swift */,
			);
			path = Presenter;
			sourceTree = "<group>";
		};
		2E1821AC2704522000B271CA /* Interactor */ = {
			isa = PBXGroup;
			children = (
				2E1821AB2704522000B271CA /* BaseInteractor.swift */,
			);
			path = Interactor;
			sourceTree = "<group>";
		};
		2E1821AD2704522000B271CA /* ViperProtocols */ = {
			isa = PBXGroup;
			children = (
				2E1821A82704522000B271CA /* View */,
				2E1821AA2704522000B271CA /* Presenter */,
				2E1821AC2704522000B271CA /* Interactor */,
			);
			path = ViperProtocols;
			sourceTree = "<group>";
		};
		2E1821AF2704522000B271CA /* Controllers */ = {
			isa = PBXGroup;
			children = (
				2E1821AE2704522000B271CA /* BaseListController.swift */,
			);
			path = Controllers;
			sourceTree = "<group>";
		};
		2E1821B12704522000B271CA /* Then */ = {
			isa = PBXGroup;
			children = (
				2E1821B02704522000B271CA /* Then.swift */,
			);
			path = Then;
			sourceTree = "<group>";
		};
		2E1821B22704522000B271CA /* Base */ = {
			isa = PBXGroup;
			children = (
				2E7BB7EE270E270900B2DCBB /* CustomCollectionAdaptor */,
				2E7BB7EB270B7DAD00B2DCBB /* Tappable */,
				2E1821AD2704522000B271CA /* ViperProtocols */,
				2E1821AF2704522000B271CA /* Controllers */,
				2E1821B12704522000B271CA /* Then */,
			);
			path = Base;
			sourceTree = "<group>";
		};
		2E4300F92704F11400B4A381 /* ViewHeaderComponent */ = {
			isa = PBXGroup;
			children = (
				2E4300FD2704F12E00B4A381 /* Presenter */,
				2E4300FC2704F12900B4A381 /* View */,
				2E4300FA2704F12400B4A381 /* ViewHeaderComponent.swift */,
			);
			path = ViewHeaderComponent;
			sourceTree = "<group>";
		};
		2E4300FC2704F12900B4A381 /* View */ = {
			isa = PBXGroup;
			children = (
				2E4300FE2704F13B00B4A381 /* ViewHeaderView.swift */,
			);
			path = View;
			sourceTree = "<group>";
		};
		2E4300FD2704F12E00B4A381 /* Presenter */ = {
			isa = PBXGroup;
			children = (
				2E4301002704F14400B4A381 /* ViewHeaderPresenter.swift */,
			);
			path = Presenter;
			sourceTree = "<group>";
		};
		2E4301022705088E00B4A381 /* SegmentSelectionComponent */ = {
			isa = PBXGroup;
			children = (
				2E43010D270630B500B4A381 /* SegmentItemComponent */,
				2E43010C270630A000B4A381 /* SelectionViewComponent */,
			);
			path = SegmentSelectionComponent;
			sourceTree = "<group>";
		};
		2E430105270508AB00B4A381 /* View */ = {
			isa = PBXGroup;
			children = (
				2E430107270508BF00B4A381 /* SegmentSelectionView.swift */,
			);
			path = View;
			sourceTree = "<group>";
		};
		2E430106270508B400B4A381 /* Presenter */ = {
			isa = PBXGroup;
			children = (
				2E430109270508C900B4A381 /* SegmentSelectionPresenter.swift */,
			);
			path = Presenter;
			sourceTree = "<group>";
		};
		2E43010C270630A000B4A381 /* SelectionViewComponent */ = {
			isa = PBXGroup;
			children = (
				2E430106270508B400B4A381 /* Presenter */,
				2E430105270508AB00B4A381 /* View */,
				2E430103270508A600B4A381 /* SegmentSelectionComponent.swift */,
			);
			path = SelectionViewComponent;
			sourceTree = "<group>";
		};
		2E43010D270630B500B4A381 /* SegmentItemComponent */ = {
			isa = PBXGroup;
			children = (
				2E43010E2706310E00B4A381 /* Presenter */,
				2E43010F2706311500B4A381 /* View */,
				2E4301102706312200B4A381 /* SegmentItemComponent.swift */,
			);
			path = SegmentItemComponent;
			sourceTree = "<group>";
		};
		2E43010E2706310E00B4A381 /* Presenter */ = {
			isa = PBXGroup;
			children = (
				2E4301122706313400B4A381 /* SegmentItemPresenter.swift */,
			);
			path = Presenter;
			sourceTree = "<group>";
		};
		2E43010F2706311500B4A381 /* View */ = {
			isa = PBXGroup;
			children = (
				2E4301142706313B00B4A381 /* SegmentItemView.swift */,
			);
			path = View;
			sourceTree = "<group>";
		};
		2E52F07B270996CF00A3A0AD /* CampDetailComponent */ = {
			isa = PBXGroup;
			children = (
				2E52F07D270996E000A3A0AD /* Presenter */,
				2E52F07C270996DB00A3A0AD /* View */,
				2E52F07E270996EC00A3A0AD /* CampDetailComponent.swift */,
			);
			path = CampDetailComponent;
			sourceTree = "<group>";
		};
		2E52F07C270996DB00A3A0AD /* View */ = {
			isa = PBXGroup;
			children = (
				2E52F080270996F900A3A0AD /* CampDetailView.swift */,
			);
			path = View;
			sourceTree = "<group>";
		};
		2E52F07D270996E000A3A0AD /* Presenter */ = {
			isa = PBXGroup;
			children = (
				2E52F0822709970400A3A0AD /* CampDetailPresenter.swift */,
			);
			path = Presenter;
			sourceTree = "<group>";
		};
		2E770C17270787CD00872550 /* YTCarousel */ = {
			isa = PBXGroup;
			children = (
				2E770C1A2707884200872550 /* Presenter */,
				2E770C1B2707884A00872550 /* View */,
				2E770C182707883600872550 /* YTCarouselComponent.swift */,
			);
			path = YTCarousel;
			sourceTree = "<group>";
		};
		2E770C1A2707884200872550 /* Presenter */ = {
			isa = PBXGroup;
			children = (
				2E770C1E2707886000872550 /* YTCarouselPresenter.swift */,
			);
			path = Presenter;
			sourceTree = "<group>";
		};
		2E770C1B2707884A00872550 /* View */ = {
			isa = PBXGroup;
			children = (
				2E770C1C2707885500872550 /* YTCarouselView.swift */,
			);
			path = View;
			sourceTree = "<group>";
		};
		2E770C2027078C3B00872550 /* YTPageStack */ = {
			isa = PBXGroup;
			children = (
				2E770C2227078C4B00872550 /* Presenter */,
				2E770C2327078CA200872550 /* YTPageStackView.swift */,
			);
			path = YTPageStack;
			sourceTree = "<group>";
		};
		2E770C2227078C4B00872550 /* Presenter */ = {
			isa = PBXGroup;
			children = (
				2E770C2527078CF500872550 /* YTPageStackViewPresenter.swift */,
			);
			path = Presenter;
			sourceTree = "<group>";
		};
		2E770C292707917900872550 /* Extensions */ = {
			isa = PBXGroup;
			children = (
				2E770C2A2707918500872550 /* Stackview.swift */,
			);
			path = Extensions;
			sourceTree = "<group>";
		};
		2E770C2E27089D2300872550 /* Presenter */ = {
			isa = PBXGroup;
			children = (
				2E770C3027089D3A00872550 /* LabelPresenter.swift */,
			);
			path = Presenter;
			sourceTree = "<group>";
		};
		2E770C2F27089D2A00872550 /* View */ = {
			isa = PBXGroup;
			children = (
				2E18219F2704522000B271CA /* Label.swift */,
			);
			path = View;
			sourceTree = "<group>";
		};
		2E770C322708C33D00872550 /* CampAreaComponent */ = {
			isa = PBXGroup;
			children = (
				2E770C3E2708DC7C00872550 /* CampAreaItemComponent */,
				2E770C3D2708DC6500872550 /* CampAreaCollection */,
			);
			path = CampAreaComponent;
			sourceTree = "<group>";
		};
		2E770C352708C35500872550 /* View */ = {
			isa = PBXGroup;
			children = (
				2E770C372708C38C00872550 /* CampAreaComponentView.swift */,
			);
			path = View;
			sourceTree = "<group>";
		};
		2E770C362708C35D00872550 /* Presenter */ = {
			isa = PBXGroup;
			children = (
				2E770C392708C3A000872550 /* CampAreaComponentPresenter.swift */,
			);
			path = Presenter;
			sourceTree = "<group>";
		};
		2E770C3D2708DC6500872550 /* CampAreaCollection */ = {
			isa = PBXGroup;
			children = (
				2E770C362708C35D00872550 /* Presenter */,
				2E770C352708C35500872550 /* View */,
				2E770C332708C35200872550 /* CampAreaComponent.swift */,
			);
			path = CampAreaCollection;
			sourceTree = "<group>";
		};
		2E770C3E2708DC7C00872550 /* CampAreaItemComponent */ = {
			isa = PBXGroup;
			children = (
				2E770C402708DC8D00872550 /* Presenter */,
				2E770C3F2708DC8700872550 /* View */,
				2E770C412708DC9900872550 /* CampAreaItemComponent.swift */,
			);
			path = CampAreaItemComponent;
			sourceTree = "<group>";
		};
		2E770C3F2708DC8700872550 /* View */ = {
			isa = PBXGroup;
			children = (
				2E770C45270902AC00872550 /* CampAreaItemView.swift */,
			);
			path = View;
			sourceTree = "<group>";
		};
		2E770C402708DC8D00872550 /* Presenter */ = {
			isa = PBXGroup;
			children = (
				2E770C47270902B400872550 /* CampAreaItemPresenter.swift */,
			);
			path = Presenter;
			sourceTree = "<group>";
		};
		2E7BB7D7270B70CF00B2DCBB /* ImageComponent */ = {
			isa = PBXGroup;
			children = (
				2E7BB7D9270B70DE00B2DCBB /* Presenter */,
				2E7BB7D8270B70D800B2DCBB /* View */,
				2E7BB7DA270B70FF00B2DCBB /* ImageComponent.swift */,
			);
			path = ImageComponent;
			sourceTree = "<group>";
		};
		2E7BB7D8270B70D800B2DCBB /* View */ = {
			isa = PBXGroup;
			children = (
				2E7BB7DC270B711200B2DCBB /* ImageView.swift */,
			);
			path = View;
			sourceTree = "<group>";
		};
		2E7BB7D9270B70DE00B2DCBB /* Presenter */ = {
			isa = PBXGroup;
			children = (
				2E7BB7DE270B711A00B2DCBB /* ImagePresenter.swift */,
			);
			path = Presenter;
			sourceTree = "<group>";
		};
		2E7BB7EB270B7DAD00B2DCBB /* Tappable */ = {
			isa = PBXGroup;
			children = (
				2E7BB7EC270B7DBD00B2DCBB /* Tappable.swift */,
			);
			path = Tappable;
			sourceTree = "<group>";
		};
		2E7BB7EE270E270900B2DCBB /* CustomCollectionAdaptor */ = {
			isa = PBXGroup;
			children = (
				2E7BB7EF270E271B00B2DCBB /* CustomCollectionAdaptor.swift */,
			);
			path = CustomCollectionAdaptor;
			sourceTree = "<group>";
		};
		2E7BB7F1270E2D0000B2DCBB /* CampDetailDistanceComponent */ = {
			isa = PBXGroup;
			children = (
				2E7BB7F3270E2D1500B2DCBB /* Presenter */,
				2E7BB7F2270E2D0C00B2DCBB /* View */,
				2E7BB7F4270E2D1E00B2DCBB /* CampDetailDistanceComponent.swift */,
			);
			path = CampDetailDistanceComponent;
			sourceTree = "<group>";
		};
		2E7BB7F2270E2D0C00B2DCBB /* View */ = {
			isa = PBXGroup;
			children = (
				2E7BB7F6270E2D5300B2DCBB /* CampDetailDistanceView.swift */,
			);
			path = View;
			sourceTree = "<group>";
		};
		2E7BB7F3270E2D1500B2DCBB /* Presenter */ = {
			isa = PBXGroup;
			children = (
				2E7BB7F8270E2D6700B2DCBB /* CampDetailDistancePresenter.swift */,
			);
			path = Presenter;
			sourceTree = "<group>";
		};
		2E7BB7FA270E2F7600B2DCBB /* TwoRowIconedLabel */ = {
			isa = PBXGroup;
			children = (
				2E7BB7FD270E2F8D00B2DCBB /* Presenter */,
				2E7BB7FB270E2F8700B2DCBB /* TwoRowIconedLabel.swift */,
			);
			path = TwoRowIconedLabel;
			sourceTree = "<group>";
		};
		2E7BB7FD270E2F8D00B2DCBB /* Presenter */ = {
			isa = PBXGroup;
			children = (
				2E7BB7FE270E2FA300B2DCBB /* TwoRowIconedLabelPresenter.swift */,
			);
			path = Presenter;
			sourceTree = "<group>";
		};
		42BC0A83DBD7B4D7120ED439 /* Pods */ = {
			isa = PBXGroup;
			children = (
				8F1F97B711C5A07C63A4EFFD /* Pods-YTUI.debug.xcconfig */,
				5A808E72257160EE67BF7BEE /* Pods-YTUI.release.xcconfig */,
			);
			name = Pods;
			path = ../Pods;
			sourceTree = "<group>";
		};
		C18807477CF8CB40739BC291 /* Frameworks */ = {
			isa = PBXGroup;
			children = (
				2E18222C270459FD00B271CA /* YTNetwork.framework */,
				2E1821DF270457D600B271CA /* Common.framework */,
				DE28CAFF264184A4267B456D /* Pods_YTUI.framework */,
			);
			name = Frameworks;
			sourceTree = "<group>";
		};
/* End PBXGroup section */

/* Begin PBXHeadersBuildPhase section */
		2E1821872704520400B271CA /* Headers */ = {
			isa = PBXHeadersBuildPhase;
			buildActionMask = 2147483647;
			files = (
				2E1821922704520400B271CA /* UI.h in Headers */,
			);
			runOnlyForDeploymentPostprocessing = 0;
		};
/* End PBXHeadersBuildPhase section */

/* Begin PBXNativeTarget section */
		2E18218B2704520400B271CA /* YTUI */ = {
			isa = PBXNativeTarget;
			buildConfigurationList = 2E1821952704520400B271CA /* Build configuration list for PBXNativeTarget "YTUI" */;
			buildPhases = (
				C85F9C48B7C19422CF725DA5 /* [CP] Check Pods Manifest.lock */,
				2E1821872704520400B271CA /* Headers */,
				2E1821882704520400B271CA /* Sources */,
				2E1821892704520400B271CA /* Frameworks */,
				2E18218A2704520400B271CA /* Resources */,
				2E1821E2270457D600B271CA /* Embed Frameworks */,
			);
			buildRules = (
			);
			dependencies = (
			);
			name = YTUI;
			productName = UI;
			productReference = 2E18218C2704520400B271CA /* YTUI.framework */;
			productType = "com.apple.product-type.framework";
		};
/* End PBXNativeTarget section */

/* Begin PBXProject section */
		2E1821832704520400B271CA /* Project object */ = {
			isa = PBXProject;
			attributes = {
				BuildIndependentTargetsInParallel = 1;
				LastUpgradeCheck = 1300;
				TargetAttributes = {
					2E18218B2704520400B271CA = {
						CreatedOnToolsVersion = 13.0;
					};
				};
			};
			buildConfigurationList = 2E1821862704520400B271CA /* Build configuration list for PBXProject "YTUI" */;
			compatibilityVersion = "Xcode 13.0";
			developmentRegion = en;
			hasScannedForEncodings = 0;
			knownRegions = (
				en,
				Base,
			);
			mainGroup = 2E1821822704520400B271CA;
			productRefGroup = 2E18218D2704520400B271CA /* Products */;
			projectDirPath = "";
			projectRoot = "";
			targets = (
				2E18218B2704520400B271CA /* YTUI */,
			);
		};
/* End PBXProject section */

/* Begin PBXResourcesBuildPhase section */
		2E18218A2704520400B271CA /* Resources */ = {
			isa = PBXResourcesBuildPhase;
			buildActionMask = 2147483647;
			files = (
			);
			runOnlyForDeploymentPostprocessing = 0;
		};
/* End PBXResourcesBuildPhase section */

/* Begin PBXShellScriptBuildPhase section */
		C85F9C48B7C19422CF725DA5 /* [CP] Check Pods Manifest.lock */ = {
			isa = PBXShellScriptBuildPhase;
			buildActionMask = 2147483647;
			files = (
			);
			inputFileListPaths = (
			);
			inputPaths = (
				"${PODS_PODFILE_DIR_PATH}/Podfile.lock",
				"${PODS_ROOT}/Manifest.lock",
			);
			name = "[CP] Check Pods Manifest.lock";
			outputFileListPaths = (
			);
			outputPaths = (
				"$(DERIVED_FILE_DIR)/Pods-YTUI-checkManifestLockResult.txt",
			);
			runOnlyForDeploymentPostprocessing = 0;
			shellPath = /bin/sh;
			shellScript = "diff \"${PODS_PODFILE_DIR_PATH}/Podfile.lock\" \"${PODS_ROOT}/Manifest.lock\" > /dev/null\nif [ $? != 0 ] ; then\n    # print error to STDERR\n    echo \"error: The sandbox is not in sync with the Podfile.lock. Run 'pod install' or update your CocoaPods installation.\" >&2\n    exit 1\nfi\n# This output is used by Xcode 'outputs' to avoid re-running this script phase.\necho \"SUCCESS\" > \"${SCRIPT_OUTPUT_FILE_0}\"\n";
			showEnvVarsInLog = 0;
		};
/* End PBXShellScriptBuildPhase section */

/* Begin PBXSourcesBuildPhase section */
		2E1821882704520400B271CA /* Sources */ = {
			isa = PBXSourcesBuildPhase;
			buildActionMask = 2147483647;
			files = (
				2E7BB7DD270B711200B2DCBB /* ImageView.swift in Sources */,
				2E7BB7DB270B70FF00B2DCBB /* ImageComponent.swift in Sources */,
				2E7BB7F5270E2D1E00B2DCBB /* CampDetailDistanceComponent.swift in Sources */,
				2E770C3A2708C3A000872550 /* CampAreaComponentPresenter.swift in Sources */,
				2E4300FF2704F13B00B4A381 /* ViewHeaderView.swift in Sources */,
				2E770C382708C38C00872550 /* CampAreaComponentView.swift in Sources */,
				2E1821C32704550900B271CA /* BaseListController.swift in Sources */,
				2E1821BC270454EC00B271CA /* CampComponent.swift in Sources */,
				2E770C422708DC9900872550 /* CampAreaItemComponent.swift in Sources */,
				2E4301132706313400B4A381 /* SegmentItemPresenter.swift in Sources */,
				2E7BB7FC270E2F8700B2DCBB /* TwoRowIconedLabel.swift in Sources */,
				2E52F07F270996EC00A3A0AD /* CampDetailComponent.swift in Sources */,
				2E770C48270902B400872550 /* CampAreaItemPresenter.swift in Sources */,
				2E770C2627078CF500872550 /* YTPageStackViewPresenter.swift in Sources */,
				2E1821C12704550200B271CA /* BasePresenter.swift in Sources */,
				2E1821C22704550600B271CA /* BaseInteractor.swift in Sources */,
				2E1821912704520400B271CA /* UI.docc in Sources */,
				2E770C2B2707918500872550 /* Stackview.swift in Sources */,
				2E770C1F2707886000872550 /* YTCarouselPresenter.swift in Sources */,
				2E4301112706312200B4A381 /* SegmentItemComponent.swift in Sources */,
				2E52F0832709970400A3A0AD /* CampDetailPresenter.swift in Sources */,
				2E770C3127089D3A00872550 /* LabelPresenter.swift in Sources */,
				2E430104270508A600B4A381 /* SegmentSelectionComponent.swift in Sources */,
				2E43010A270508C900B4A381 /* SegmentSelectionPresenter.swift in Sources */,
				2E770C192707883600872550 /* YTCarouselComponent.swift in Sources */,
				2E770C342708C35200872550 /* CampAreaComponent.swift in Sources */,
				2E1821BF270454F900B271CA /* IconedLabel.swift in Sources */,
				2E7BB7F7270E2D5300B2DCBB /* CampDetailDistanceView.swift in Sources */,
				2E7BB7F9270E2D6700B2DCBB /* CampDetailDistancePresenter.swift in Sources */,
				2E1821BD270454F000B271CA /* Label.swift in Sources */,
				2E430108270508BF00B4A381 /* SegmentSelectionView.swift in Sources */,
				2E1821C0270454FF00B271CA /* BaseView.swift in Sources */,
				2E770C2427078CA200872550 /* YTPageStackView.swift in Sources */,
				2E1821BB270454E800B271CA /* CampComponentPresenter.swift in Sources */,
				2E7BB7F0270E271B00B2DCBB /* CustomCollectionAdaptor.swift in Sources */,
				2E1821C52704562F00B271CA /* CampComponentView.swift in Sources */,
				2E1821BE270454F600B271CA /* IconedLabelPresenter.swift in Sources */,
				2E7BB7ED270B7DBD00B2DCBB /* Tappable.swift in Sources */,
				2E770C2D27089CFC00872550 /* LabelComponent.swift in Sources */,
				2E7BB7DF270B711A00B2DCBB /* ImagePresenter.swift in Sources */,
				2E4300FB2704F12400B4A381 /* ViewHeaderComponent.swift in Sources */,
				2E1821C42704550D00B271CA /* Then.swift in Sources */,
				2E4301012704F14400B4A381 /* ViewHeaderPresenter.swift in Sources */,
				2E770C46270902AC00872550 /* CampAreaItemView.swift in Sources */,
				2E52F081270996F900A3A0AD /* CampDetailView.swift in Sources */,
				2E4301152706313B00B4A381 /* SegmentItemView.swift in Sources */,
				2E7BB7FF270E2FA300B2DCBB /* TwoRowIconedLabelPresenter.swift in Sources */,
				2E770C1D2707885500872550 /* YTCarouselView.swift in Sources */,
			);
			runOnlyForDeploymentPostprocessing = 0;
		};
/* End PBXSourcesBuildPhase section */

/* Begin XCBuildConfiguration section */
		2E1821932704520400B271CA /* Debug */ = {
			isa = XCBuildConfiguration;
			buildSettings = {
				ALWAYS_SEARCH_USER_PATHS = NO;
				CLANG_ANALYZER_NONNULL = YES;
				CLANG_ANALYZER_NUMBER_OBJECT_CONVERSION = YES_AGGRESSIVE;
				CLANG_CXX_LANGUAGE_STANDARD = "gnu++17";
				CLANG_CXX_LIBRARY = "libc++";
				CLANG_ENABLE_MODULES = YES;
				CLANG_ENABLE_OBJC_ARC = YES;
				CLANG_ENABLE_OBJC_WEAK = YES;
				CLANG_WARN_BLOCK_CAPTURE_AUTORELEASING = YES;
				CLANG_WARN_BOOL_CONVERSION = YES;
				CLANG_WARN_COMMA = YES;
				CLANG_WARN_CONSTANT_CONVERSION = YES;
				CLANG_WARN_DEPRECATED_OBJC_IMPLEMENTATIONS = YES;
				CLANG_WARN_DIRECT_OBJC_ISA_USAGE = YES_ERROR;
				CLANG_WARN_DOCUMENTATION_COMMENTS = YES;
				CLANG_WARN_EMPTY_BODY = YES;
				CLANG_WARN_ENUM_CONVERSION = YES;
				CLANG_WARN_INFINITE_RECURSION = YES;
				CLANG_WARN_INT_CONVERSION = YES;
				CLANG_WARN_NON_LITERAL_NULL_CONVERSION = YES;
				CLANG_WARN_OBJC_IMPLICIT_RETAIN_SELF = YES;
				CLANG_WARN_OBJC_LITERAL_CONVERSION = YES;
				CLANG_WARN_OBJC_ROOT_CLASS = YES_ERROR;
				CLANG_WARN_QUOTED_INCLUDE_IN_FRAMEWORK_HEADER = YES;
				CLANG_WARN_RANGE_LOOP_ANALYSIS = YES;
				CLANG_WARN_STRICT_PROTOTYPES = YES;
				CLANG_WARN_SUSPICIOUS_MOVE = YES;
				CLANG_WARN_UNGUARDED_AVAILABILITY = YES_AGGRESSIVE;
				CLANG_WARN_UNREACHABLE_CODE = YES;
				CLANG_WARN__DUPLICATE_METHOD_MATCH = YES;
				COPY_PHASE_STRIP = NO;
				CURRENT_PROJECT_VERSION = 1;
				DEBUG_INFORMATION_FORMAT = dwarf;
				ENABLE_STRICT_OBJC_MSGSEND = YES;
				ENABLE_TESTABILITY = YES;
				GCC_C_LANGUAGE_STANDARD = gnu11;
				GCC_DYNAMIC_NO_PIC = NO;
				GCC_NO_COMMON_BLOCKS = YES;
				GCC_OPTIMIZATION_LEVEL = 0;
				GCC_PREPROCESSOR_DEFINITIONS = (
					"DEBUG=1",
					"$(inherited)",
				);
				GCC_WARN_64_TO_32_BIT_CONVERSION = YES;
				GCC_WARN_ABOUT_RETURN_TYPE = YES_ERROR;
				GCC_WARN_UNDECLARED_SELECTOR = YES;
				GCC_WARN_UNINITIALIZED_AUTOS = YES_AGGRESSIVE;
				GCC_WARN_UNUSED_FUNCTION = YES;
				GCC_WARN_UNUSED_VARIABLE = YES;
				IPHONEOS_DEPLOYMENT_TARGET = 15.0;
				MTL_ENABLE_DEBUG_INFO = INCLUDE_SOURCE;
				MTL_FAST_MATH = YES;
				ONLY_ACTIVE_ARCH = YES;
				SDKROOT = iphoneos;
				SWIFT_ACTIVE_COMPILATION_CONDITIONS = DEBUG;
				SWIFT_OPTIMIZATION_LEVEL = "-Onone";
				VERSIONING_SYSTEM = "apple-generic";
				VERSION_INFO_PREFIX = "";
			};
			name = Debug;
		};
		2E1821942704520400B271CA /* Release */ = {
			isa = XCBuildConfiguration;
			buildSettings = {
				ALWAYS_SEARCH_USER_PATHS = NO;
				CLANG_ANALYZER_NONNULL = YES;
				CLANG_ANALYZER_NUMBER_OBJECT_CONVERSION = YES_AGGRESSIVE;
				CLANG_CXX_LANGUAGE_STANDARD = "gnu++17";
				CLANG_CXX_LIBRARY = "libc++";
				CLANG_ENABLE_MODULES = YES;
				CLANG_ENABLE_OBJC_ARC = YES;
				CLANG_ENABLE_OBJC_WEAK = YES;
				CLANG_WARN_BLOCK_CAPTURE_AUTORELEASING = YES;
				CLANG_WARN_BOOL_CONVERSION = YES;
				CLANG_WARN_COMMA = YES;
				CLANG_WARN_CONSTANT_CONVERSION = YES;
				CLANG_WARN_DEPRECATED_OBJC_IMPLEMENTATIONS = YES;
				CLANG_WARN_DIRECT_OBJC_ISA_USAGE = YES_ERROR;
				CLANG_WARN_DOCUMENTATION_COMMENTS = YES;
				CLANG_WARN_EMPTY_BODY = YES;
				CLANG_WARN_ENUM_CONVERSION = YES;
				CLANG_WARN_INFINITE_RECURSION = YES;
				CLANG_WARN_INT_CONVERSION = YES;
				CLANG_WARN_NON_LITERAL_NULL_CONVERSION = YES;
				CLANG_WARN_OBJC_IMPLICIT_RETAIN_SELF = YES;
				CLANG_WARN_OBJC_LITERAL_CONVERSION = YES;
				CLANG_WARN_OBJC_ROOT_CLASS = YES_ERROR;
				CLANG_WARN_QUOTED_INCLUDE_IN_FRAMEWORK_HEADER = YES;
				CLANG_WARN_RANGE_LOOP_ANALYSIS = YES;
				CLANG_WARN_STRICT_PROTOTYPES = YES;
				CLANG_WARN_SUSPICIOUS_MOVE = YES;
				CLANG_WARN_UNGUARDED_AVAILABILITY = YES_AGGRESSIVE;
				CLANG_WARN_UNREACHABLE_CODE = YES;
				CLANG_WARN__DUPLICATE_METHOD_MATCH = YES;
				COPY_PHASE_STRIP = NO;
				CURRENT_PROJECT_VERSION = 1;
				DEBUG_INFORMATION_FORMAT = "dwarf-with-dsym";
				ENABLE_NS_ASSERTIONS = NO;
				ENABLE_STRICT_OBJC_MSGSEND = YES;
				GCC_C_LANGUAGE_STANDARD = gnu11;
				GCC_NO_COMMON_BLOCKS = YES;
				GCC_WARN_64_TO_32_BIT_CONVERSION = YES;
				GCC_WARN_ABOUT_RETURN_TYPE = YES_ERROR;
				GCC_WARN_UNDECLARED_SELECTOR = YES;
				GCC_WARN_UNINITIALIZED_AUTOS = YES_AGGRESSIVE;
				GCC_WARN_UNUSED_FUNCTION = YES;
				GCC_WARN_UNUSED_VARIABLE = YES;
				IPHONEOS_DEPLOYMENT_TARGET = 15.0;
				MTL_ENABLE_DEBUG_INFO = NO;
				MTL_FAST_MATH = YES;
				SDKROOT = iphoneos;
				SWIFT_COMPILATION_MODE = wholemodule;
				SWIFT_OPTIMIZATION_LEVEL = "-O";
				VALIDATE_PRODUCT = YES;
				VERSIONING_SYSTEM = "apple-generic";
				VERSION_INFO_PREFIX = "";
			};
			name = Release;
		};
		2E1821962704520400B271CA /* Debug */ = {
			isa = XCBuildConfiguration;
			baseConfigurationReference = 8F1F97B711C5A07C63A4EFFD /* Pods-YTUI.debug.xcconfig */;
			buildSettings = {
				CODE_SIGN_STYLE = Automatic;
				CURRENT_PROJECT_VERSION = 1;
				DEFINES_MODULE = YES;
				DEVELOPMENT_TEAM = W3475PQ5N9;
				DYLIB_COMPATIBILITY_VERSION = 1;
				DYLIB_CURRENT_VERSION = 1;
				DYLIB_INSTALL_NAME_BASE = "@rpath";
				"EXCLUDED_ARCHS[sdk=iphonesimulator*]" = arm64;
				GENERATE_INFOPLIST_FILE = YES;
				INFOPLIST_KEY_NSHumanReadableCopyright = "";
				INSTALL_PATH = "$(LOCAL_LIBRARY_DIR)/Frameworks";
				IPHONEOS_DEPLOYMENT_TARGET = 13.0;
				LD_RUNPATH_SEARCH_PATHS = (
					"$(inherited)",
					"@executable_path/Frameworks",
					"@loader_path/Frameworks",
				);
				MARKETING_VERSION = 1.0;
				PRODUCT_BUNDLE_IDENTIFIER = com.CampApp.UI;
				PRODUCT_NAME = "$(TARGET_NAME:c99extidentifier)";
				SKIP_INSTALL = YES;
				SWIFT_EMIT_LOC_STRINGS = YES;
				SWIFT_VERSION = 5.0;
				TARGETED_DEVICE_FAMILY = "1,2";
				VALIDATE_WORKSPACE = YES;
			};
			name = Debug;
		};
		2E1821972704520400B271CA /* Release */ = {
			isa = XCBuildConfiguration;
			baseConfigurationReference = 5A808E72257160EE67BF7BEE /* Pods-YTUI.release.xcconfig */;
			buildSettings = {
				CODE_SIGN_STYLE = Automatic;
				CURRENT_PROJECT_VERSION = 1;
				DEFINES_MODULE = YES;
				DEVELOPMENT_TEAM = W3475PQ5N9;
				DYLIB_COMPATIBILITY_VERSION = 1;
				DYLIB_CURRENT_VERSION = 1;
				DYLIB_INSTALL_NAME_BASE = "@rpath";
				GENERATE_INFOPLIST_FILE = YES;
				INFOPLIST_KEY_NSHumanReadableCopyright = "";
				INSTALL_PATH = "$(LOCAL_LIBRARY_DIR)/Frameworks";
				IPHONEOS_DEPLOYMENT_TARGET = 13.0;
				LD_RUNPATH_SEARCH_PATHS = (
					"$(inherited)",
					"@executable_path/Frameworks",
					"@loader_path/Frameworks",
				);
				MARKETING_VERSION = 1.0;
				PRODUCT_BUNDLE_IDENTIFIER = com.CampApp.UI;
				PRODUCT_NAME = "$(TARGET_NAME:c99extidentifier)";
				SKIP_INSTALL = YES;
				SWIFT_EMIT_LOC_STRINGS = YES;
				SWIFT_VERSION = 5.0;
				TARGETED_DEVICE_FAMILY = "1,2";
				VALIDATE_WORKSPACE = YES;
			};
			name = Release;
		};
/* End XCBuildConfiguration section */

/* Begin XCConfigurationList section */
		2E1821862704520400B271CA /* Build configuration list for PBXProject "YTUI" */ = {
			isa = XCConfigurationList;
			buildConfigurations = (
				2E1821932704520400B271CA /* Debug */,
				2E1821942704520400B271CA /* Release */,
			);
			defaultConfigurationIsVisible = 0;
			defaultConfigurationName = Release;
		};
		2E1821952704520400B271CA /* Build configuration list for PBXNativeTarget "YTUI" */ = {
			isa = XCConfigurationList;
			buildConfigurations = (
				2E1821962704520400B271CA /* Debug */,
				2E1821972704520400B271CA /* Release */,
			);
			defaultConfigurationIsVisible = 0;
			defaultConfigurationName = Release;
		};
/* End XCConfigurationList section */
	};
	rootObject = 2E1821832704520400B271CA /* Project object */;
}
