// !$*UTF8*$!
{
	archiveVersion = 1;
	classes = {
	};
	objectVersion = 55;
	objects = {

/* Begin PBXBuildFile section */
		2E1821B82704538300B271CA /* YTUI.framework in Frameworks */ = {isa = PBXBuildFile; fileRef = 2E1821B72704538300B271CA /* YTUI.framework */; };
		2E1821B92704538300B271CA /* YTUI.framework in Embed Frameworks */ = {isa = PBXBuildFile; fileRef = 2E1821B72704538300B271CA /* YTUI.framework */; settings = {ATTRIBUTES = (CodeSignOnCopy, RemoveHeadersOnCopy, ); }; };
		2E1821DD270457CC00B271CA /* Common.framework in Frameworks */ = {isa = PBXBuildFile; fileRef = 2E1821DC270457CC00B271CA /* Common.framework */; };
		2E1821DE270457CC00B271CA /* Common.framework in Embed Frameworks */ = {isa = PBXBuildFile; fileRef = 2E1821DC270457CC00B271CA /* Common.framework */; settings = {ATTRIBUTES = (CodeSignOnCopy, RemoveHeadersOnCopy, ); }; };
		2E18222A270459F400B271CA /* YTNetwork.framework in Frameworks */ = {isa = PBXBuildFile; fileRef = 2E182229270459F400B271CA /* YTNetwork.framework */; };
		2E18222B270459F400B271CA /* YTNetwork.framework in Embed Frameworks */ = {isa = PBXBuildFile; fileRef = 2E182229270459F400B271CA /* YTNetwork.framework */; settings = {ATTRIBUTES = (CodeSignOnCopy, RemoveHeadersOnCopy, ); }; };
		2E1822342704684200B271CA /* FirebaseNetwork.swift in Sources */ = {isa = PBXBuildFile; fileRef = 2E1822332704684200B271CA /* FirebaseNetwork.swift */; };
		2E1822382704689200B271CA /* Extensions.swift in Sources */ = {isa = PBXBuildFile; fileRef = 2E1822372704689100B271CA /* Extensions.swift */; };
		2E18224A27046B4200B271CA /* Rubik-MediumItalic.ttf in Resources */ = {isa = PBXBuildFile; fileRef = 2E18223C27046B4200B271CA /* Rubik-MediumItalic.ttf */; };
		2E18224B27046B4200B271CA /* Rubik-Bold.ttf in Resources */ = {isa = PBXBuildFile; fileRef = 2E18223D27046B4200B271CA /* Rubik-Bold.ttf */; };
		2E18224C27046B4200B271CA /* Rubik-SemiBoldItalic.ttf in Resources */ = {isa = PBXBuildFile; fileRef = 2E18223E27046B4200B271CA /* Rubik-SemiBoldItalic.ttf */; };
		2E18224D27046B4200B271CA /* Rubik-Light.ttf in Resources */ = {isa = PBXBuildFile; fileRef = 2E18223F27046B4200B271CA /* Rubik-Light.ttf */; };
		2E18224E27046B4200B271CA /* Rubik-Medium.ttf in Resources */ = {isa = PBXBuildFile; fileRef = 2E18224027046B4200B271CA /* Rubik-Medium.ttf */; };
		2E18224F27046B4200B271CA /* Rubik-ExtraBoldItalic.ttf in Resources */ = {isa = PBXBuildFile; fileRef = 2E18224127046B4200B271CA /* Rubik-ExtraBoldItalic.ttf */; };
		2E18225027046B4200B271CA /* Rubik-Black.ttf in Resources */ = {isa = PBXBuildFile; fileRef = 2E18224227046B4200B271CA /* Rubik-Black.ttf */; };
		2E18225127046B4200B271CA /* Rubik-Italic.ttf in Resources */ = {isa = PBXBuildFile; fileRef = 2E18224327046B4200B271CA /* Rubik-Italic.ttf */; };
		2E18225227046B4200B271CA /* Rubik-LightItalic.ttf in Resources */ = {isa = PBXBuildFile; fileRef = 2E18224427046B4200B271CA /* Rubik-LightItalic.ttf */; };
		2E18225327046B4200B271CA /* Rubik-SemiBold.ttf in Resources */ = {isa = PBXBuildFile; fileRef = 2E18224527046B4200B271CA /* Rubik-SemiBold.ttf */; };
		2E18225427046B4200B271CA /* Rubik-BlackItalic.ttf in Resources */ = {isa = PBXBuildFile; fileRef = 2E18224627046B4200B271CA /* Rubik-BlackItalic.ttf */; };
		2E18225527046B4200B271CA /* Rubik-ExtraBold.ttf in Resources */ = {isa = PBXBuildFile; fileRef = 2E18224727046B4200B271CA /* Rubik-ExtraBold.ttf */; };
		2E18225627046B4200B271CA /* Rubik-Regular.ttf in Resources */ = {isa = PBXBuildFile; fileRef = 2E18224827046B4200B271CA /* Rubik-Regular.ttf */; };
		2E18225727046B4200B271CA /* Rubik-BoldItalic.ttf in Resources */ = {isa = PBXBuildFile; fileRef = 2E18224927046B4200B271CA /* Rubik-BoldItalic.ttf */; };
		2E26797C2703917E0090F074 /* HomePresenter.swift in Sources */ = {isa = PBXBuildFile; fileRef = 2E26797B2703917E0090F074 /* HomePresenter.swift */; };
		2E26797E270391870090F074 /* HomeInteractor.swift in Sources */ = {isa = PBXBuildFile; fileRef = 2E26797D270391870090F074 /* HomeInteractor.swift */; };
		2E98853B26FBA1F200A881F7 /* AppDelegate.swift in Sources */ = {isa = PBXBuildFile; fileRef = 2E98853A26FBA1F200A881F7 /* AppDelegate.swift */; };
		2E98853F26FBA1F200A881F7 /* ViewController.swift in Sources */ = {isa = PBXBuildFile; fileRef = 2E98853E26FBA1F200A881F7 /* ViewController.swift */; };
		2E98854226FBA1F200A881F7 /* Main.storyboard in Resources */ = {isa = PBXBuildFile; fileRef = 2E98854026FBA1F200A881F7 /* Main.storyboard */; };
		2E98854426FBA1F300A881F7 /* Assets.xcassets in Resources */ = {isa = PBXBuildFile; fileRef = 2E98854326FBA1F300A881F7 /* Assets.xcassets */; };
		2E98854726FBA1F300A881F7 /* LaunchScreen.storyboard in Resources */ = {isa = PBXBuildFile; fileRef = 2E98854526FBA1F300A881F7 /* LaunchScreen.storyboard */; };
		2E98855026FBB56D00A881F7 /* MainCoordinator.swift in Sources */ = {isa = PBXBuildFile; fileRef = 2E98854F26FBB56D00A881F7 /* MainCoordinator.swift */; };
		2E98855526FBB63A00A881F7 /* MainTabCoordinator.swift in Sources */ = {isa = PBXBuildFile; fileRef = 2E98855426FBB63A00A881F7 /* MainTabCoordinator.swift */; };
		2E98855926FBB8F800A881F7 /* HomeCoordinator.swift in Sources */ = {isa = PBXBuildFile; fileRef = 2E98855826FBB8F800A881F7 /* HomeCoordinator.swift */; };
		2E98855D26FBB93400A881F7 /* SearchCoordinator.swift in Sources */ = {isa = PBXBuildFile; fileRef = 2E98855C26FBB93400A881F7 /* SearchCoordinator.swift */; };
		2E98856126FBB98800A881F7 /* FavouriteCoordinator.swift in Sources */ = {isa = PBXBuildFile; fileRef = 2E98856026FBB98800A881F7 /* FavouriteCoordinator.swift */; };
		2E98856526FBB9BF00A881F7 /* ProfileCoordinator.swift in Sources */ = {isa = PBXBuildFile; fileRef = 2E98856426FBB9BF00A881F7 /* ProfileCoordinator.swift */; };
		2E98856826FBBB4D00A881F7 /* Tabs.swift in Sources */ = {isa = PBXBuildFile; fileRef = 2E98856726FBBB4D00A881F7 /* Tabs.swift */; };
		2E98858F26FCC78200A881F7 /* HomeController.swift in Sources */ = {isa = PBXBuildFile; fileRef = 2E98858E26FCC78200A881F7 /* HomeController.swift */; };
		2E98859126FCDB1D00A881F7 /* GoogleService-Info.plist in Resources */ = {isa = PBXBuildFile; fileRef = 2E98859026FCDB1D00A881F7 /* GoogleService-Info.plist */; };
		C9A97605C54A18E7CBCB386A /* Pods_CampApp.framework in Frameworks */ = {isa = PBXBuildFile; fileRef = AD8AFCA20E9EA1DAD56F59B3 /* Pods_CampApp.framework */; };
/* End PBXBuildFile section */

/* Begin PBXCopyFilesBuildPhase section */
		2E1821BA2704538300B271CA /* Embed Frameworks */ = {
			isa = PBXCopyFilesBuildPhase;
			buildActionMask = 2147483647;
			dstPath = "";
			dstSubfolderSpec = 10;
			files = (
				2E18222B270459F400B271CA /* YTNetwork.framework in Embed Frameworks */,
				2E1821B92704538300B271CA /* YTUI.framework in Embed Frameworks */,
				2E1821DE270457CC00B271CA /* Common.framework in Embed Frameworks */,
			);
			name = "Embed Frameworks";
			runOnlyForDeploymentPostprocessing = 0;
		};
/* End PBXCopyFilesBuildPhase section */

/* Begin PBXFileReference section */
		2E182180270451A900B271CA /* libAppUI.a */ = {isa = PBXFileReference; explicitFileType = archive.ar; path = libAppUI.a; sourceTree = BUILT_PRODUCTS_DIR; };
		2E1821B32704523200B271CA /* UI.framework */ = {isa = PBXFileReference; explicitFileType = wrapper.framework; path = UI.framework; sourceTree = BUILT_PRODUCTS_DIR; };
		2E1821B72704538300B271CA /* YTUI.framework */ = {isa = PBXFileReference; explicitFileType = wrapper.framework; path = YTUI.framework; sourceTree = BUILT_PRODUCTS_DIR; };
		2E1821DC270457CC00B271CA /* Common.framework */ = {isa = PBXFileReference; explicitFileType = wrapper.framework; path = Common.framework; sourceTree = BUILT_PRODUCTS_DIR; };
		2E182229270459F400B271CA /* YTNetwork.framework */ = {isa = PBXFileReference; explicitFileType = wrapper.framework; path = YTNetwork.framework; sourceTree = BUILT_PRODUCTS_DIR; };
		2E1822332704684200B271CA /* FirebaseNetwork.swift */ = {isa = PBXFileReference; fileEncoding = 4; lastKnownFileType = sourcecode.swift; path = FirebaseNetwork.swift; sourceTree = "<group>"; };
		2E1822372704689100B271CA /* Extensions.swift */ = {isa = PBXFileReference; fileEncoding = 4; lastKnownFileType = sourcecode.swift; path = Extensions.swift; sourceTree = "<group>"; };
		2E18223C27046B4200B271CA /* Rubik-MediumItalic.ttf */ = {isa = PBXFileReference; lastKnownFileType = file; path = "Rubik-MediumItalic.ttf"; sourceTree = "<group>"; };
		2E18223D27046B4200B271CA /* Rubik-Bold.ttf */ = {isa = PBXFileReference; lastKnownFileType = file; path = "Rubik-Bold.ttf"; sourceTree = "<group>"; };
		2E18223E27046B4200B271CA /* Rubik-SemiBoldItalic.ttf */ = {isa = PBXFileReference; lastKnownFileType = file; path = "Rubik-SemiBoldItalic.ttf"; sourceTree = "<group>"; };
		2E18223F27046B4200B271CA /* Rubik-Light.ttf */ = {isa = PBXFileReference; lastKnownFileType = file; path = "Rubik-Light.ttf"; sourceTree = "<group>"; };
		2E18224027046B4200B271CA /* Rubik-Medium.ttf */ = {isa = PBXFileReference; lastKnownFileType = file; path = "Rubik-Medium.ttf"; sourceTree = "<group>"; };
		2E18224127046B4200B271CA /* Rubik-ExtraBoldItalic.ttf */ = {isa = PBXFileReference; lastKnownFileType = file; path = "Rubik-ExtraBoldItalic.ttf"; sourceTree = "<group>"; };
		2E18224227046B4200B271CA /* Rubik-Black.ttf */ = {isa = PBXFileReference; lastKnownFileType = file; path = "Rubik-Black.ttf"; sourceTree = "<group>"; };
		2E18224327046B4200B271CA /* Rubik-Italic.ttf */ = {isa = PBXFileReference; lastKnownFileType = file; path = "Rubik-Italic.ttf"; sourceTree = "<group>"; };
		2E18224427046B4200B271CA /* Rubik-LightItalic.ttf */ = {isa = PBXFileReference; lastKnownFileType = file; path = "Rubik-LightItalic.ttf"; sourceTree = "<group>"; };
		2E18224527046B4200B271CA /* Rubik-SemiBold.ttf */ = {isa = PBXFileReference; lastKnownFileType = file; path = "Rubik-SemiBold.ttf"; sourceTree = "<group>"; };
		2E18224627046B4200B271CA /* Rubik-BlackItalic.ttf */ = {isa = PBXFileReference; lastKnownFileType = file; path = "Rubik-BlackItalic.ttf"; sourceTree = "<group>"; };
		2E18224727046B4200B271CA /* Rubik-ExtraBold.ttf */ = {isa = PBXFileReference; lastKnownFileType = file; path = "Rubik-ExtraBold.ttf"; sourceTree = "<group>"; };
		2E18224827046B4200B271CA /* Rubik-Regular.ttf */ = {isa = PBXFileReference; lastKnownFileType = file; path = "Rubik-Regular.ttf"; sourceTree = "<group>"; };
		2E18224927046B4200B271CA /* Rubik-BoldItalic.ttf */ = {isa = PBXFileReference; lastKnownFileType = file; path = "Rubik-BoldItalic.ttf"; sourceTree = "<group>"; };
		2E26797B2703917E0090F074 /* HomePresenter.swift */ = {isa = PBXFileReference; lastKnownFileType = sourcecode.swift; path = HomePresenter.swift; sourceTree = "<group>"; };
		2E26797D270391870090F074 /* HomeInteractor.swift */ = {isa = PBXFileReference; lastKnownFileType = sourcecode.swift; path = HomeInteractor.swift; sourceTree = "<group>"; };
		2E98853726FBA1F200A881F7 /* CampApp.app */ = {isa = PBXFileReference; explicitFileType = wrapper.application; includeInIndex = 0; path = CampApp.app; sourceTree = BUILT_PRODUCTS_DIR; };
		2E98853A26FBA1F200A881F7 /* AppDelegate.swift */ = {isa = PBXFileReference; lastKnownFileType = sourcecode.swift; path = AppDelegate.swift; sourceTree = "<group>"; };
		2E98853E26FBA1F200A881F7 /* ViewController.swift */ = {isa = PBXFileReference; lastKnownFileType = sourcecode.swift; path = ViewController.swift; sourceTree = "<group>"; };
		2E98854126FBA1F200A881F7 /* Base */ = {isa = PBXFileReference; lastKnownFileType = file.storyboard; name = Base; path = Base.lproj/Main.storyboard; sourceTree = "<group>"; };
		2E98854326FBA1F300A881F7 /* Assets.xcassets */ = {isa = PBXFileReference; lastKnownFileType = folder.assetcatalog; path = Assets.xcassets; sourceTree = "<group>"; };
		2E98854626FBA1F300A881F7 /* Base */ = {isa = PBXFileReference; lastKnownFileType = file.storyboard; name = Base; path = Base.lproj/LaunchScreen.storyboard; sourceTree = "<group>"; };
		2E98854826FBA1F300A881F7 /* Info.plist */ = {isa = PBXFileReference; lastKnownFileType = text.plist.xml; path = Info.plist; sourceTree = "<group>"; };
		2E98854F26FBB56D00A881F7 /* MainCoordinator.swift */ = {isa = PBXFileReference; lastKnownFileType = sourcecode.swift; path = MainCoordinator.swift; sourceTree = "<group>"; };
		2E98855426FBB63A00A881F7 /* MainTabCoordinator.swift */ = {isa = PBXFileReference; lastKnownFileType = sourcecode.swift; path = MainTabCoordinator.swift; sourceTree = "<group>"; };
		2E98855826FBB8F800A881F7 /* HomeCoordinator.swift */ = {isa = PBXFileReference; lastKnownFileType = sourcecode.swift; path = HomeCoordinator.swift; sourceTree = "<group>"; };
		2E98855C26FBB93400A881F7 /* SearchCoordinator.swift */ = {isa = PBXFileReference; lastKnownFileType = sourcecode.swift; path = SearchCoordinator.swift; sourceTree = "<group>"; };
		2E98856026FBB98800A881F7 /* FavouriteCoordinator.swift */ = {isa = PBXFileReference; lastKnownFileType = sourcecode.swift; path = FavouriteCoordinator.swift; sourceTree = "<group>"; };
		2E98856426FBB9BF00A881F7 /* ProfileCoordinator.swift */ = {isa = PBXFileReference; lastKnownFileType = sourcecode.swift; path = ProfileCoordinator.swift; sourceTree = "<group>"; };
		2E98856726FBBB4D00A881F7 /* Tabs.swift */ = {isa = PBXFileReference; lastKnownFileType = sourcecode.swift; path = Tabs.swift; sourceTree = "<group>"; };
		2E98858E26FCC78200A881F7 /* HomeController.swift */ = {isa = PBXFileReference; lastKnownFileType = sourcecode.swift; path = HomeController.swift; sourceTree = "<group>"; };
		2E98859026FCDB1D00A881F7 /* GoogleService-Info.plist */ = {isa = PBXFileReference; fileEncoding = 4; lastKnownFileType = text.plist.xml; path = "GoogleService-Info.plist"; sourceTree = "<group>"; };
		473946798779F9F4937300F6 /* Pods-CampApp.debug.xcconfig */ = {isa = PBXFileReference; includeInIndex = 1; lastKnownFileType = text.xcconfig; name = "Pods-CampApp.debug.xcconfig"; path = "Target Support Files/Pods-CampApp/Pods-CampApp.debug.xcconfig"; sourceTree = "<group>"; };
		A7EDADAF9D77FC0CA6FD83B2 /* Pods-CampApp.release.xcconfig */ = {isa = PBXFileReference; includeInIndex = 1; lastKnownFileType = text.xcconfig; name = "Pods-CampApp.release.xcconfig"; path = "Target Support Files/Pods-CampApp/Pods-CampApp.release.xcconfig"; sourceTree = "<group>"; };
		AD8AFCA20E9EA1DAD56F59B3 /* Pods_CampApp.framework */ = {isa = PBXFileReference; explicitFileType = wrapper.framework; includeInIndex = 0; path = Pods_CampApp.framework; sourceTree = BUILT_PRODUCTS_DIR; };
/* End PBXFileReference section */

/* Begin PBXFrameworksBuildPhase section */
		2E98853426FBA1F200A881F7 /* Frameworks */ = {
			isa = PBXFrameworksBuildPhase;
			buildActionMask = 2147483647;
			files = (
				2E1821DD270457CC00B271CA /* Common.framework in Frameworks */,
				2E18222A270459F400B271CA /* YTNetwork.framework in Frameworks */,
				2E1821B82704538300B271CA /* YTUI.framework in Frameworks */,
				C9A97605C54A18E7CBCB386A /* Pods_CampApp.framework in Frameworks */,
			);
			runOnlyForDeploymentPostprocessing = 0;
		};
/* End PBXFrameworksBuildPhase section */

/* Begin PBXGroup section */
		2E1822352704684500B271CA /* Network */ = {
			isa = PBXGroup;
			children = (
				2E1822362704688500B271CA /* Extension */,
				2E1822332704684200B271CA /* FirebaseNetwork.swift */,
			);
			path = Network;
			sourceTree = "<group>";
		};
		2E1822362704688500B271CA /* Extension */ = {
			isa = PBXGroup;
			children = (
				2E1822372704689100B271CA /* Extensions.swift */,
			);
			path = Extension;
			sourceTree = "<group>";
		};
		2E18223927046B3300B271CA /* Supporting Files */ = {
			isa = PBXGroup;
			children = (
				2E18223A27046B4200B271CA /* Fonts */,
				2E98854326FBA1F300A881F7 /* Assets.xcassets */,
				2E98859026FCDB1D00A881F7 /* GoogleService-Info.plist */,
			);
			path = "Supporting Files";
			sourceTree = "<group>";
		};
		2E18223A27046B4200B271CA /* Fonts */ = {
			isa = PBXGroup;
			children = (
				2E18223B27046B4200B271CA /* Rubik */,
			);
			path = Fonts;
			sourceTree = "<group>";
		};
		2E18223B27046B4200B271CA /* Rubik */ = {
			isa = PBXGroup;
			children = (
				2E18223C27046B4200B271CA /* Rubik-MediumItalic.ttf */,
				2E18223D27046B4200B271CA /* Rubik-Bold.ttf */,
				2E18223E27046B4200B271CA /* Rubik-SemiBoldItalic.ttf */,
				2E18223F27046B4200B271CA /* Rubik-Light.ttf */,
				2E18224027046B4200B271CA /* Rubik-Medium.ttf */,
				2E18224127046B4200B271CA /* Rubik-ExtraBoldItalic.ttf */,
				2E18224227046B4200B271CA /* Rubik-Black.ttf */,
				2E18224327046B4200B271CA /* Rubik-Italic.ttf */,
				2E18224427046B4200B271CA /* Rubik-LightItalic.ttf */,
				2E18224527046B4200B271CA /* Rubik-SemiBold.ttf */,
				2E18224627046B4200B271CA /* Rubik-BlackItalic.ttf */,
				2E18224727046B4200B271CA /* Rubik-ExtraBold.ttf */,
				2E18224827046B4200B271CA /* Rubik-Regular.ttf */,
				2E18224927046B4200B271CA /* Rubik-BoldItalic.ttf */,
			);
			path = Rubik;
			sourceTree = "<group>";
		};
		2E98852E26FBA1F200A881F7 = {
			isa = PBXGroup;
			children = (
				2E98853926FBA1F200A881F7 /* CampApp */,
				2E98853826FBA1F200A881F7 /* Products */,
				DF178F2957180F8E5CB6890F /* Pods */,
				EA5EA3B90E087148A17AB016 /* Frameworks */,
			);
			sourceTree = "<group>";
		};
		2E98853826FBA1F200A881F7 /* Products */ = {
			isa = PBXGroup;
			children = (
				2E98853726FBA1F200A881F7 /* CampApp.app */,
			);
			name = Products;
			sourceTree = "<group>";
		};
		2E98853926FBA1F200A881F7 /* CampApp */ = {
			isa = PBXGroup;
			children = (
				2E18223927046B3300B271CA /* Supporting Files */,
				2E1822352704684500B271CA /* Network */,
				2E98855226FBB61800A881F7 /* Modules */,
				2E98854E26FBB53C00A881F7 /* Coordinators */,
				2E98853A26FBA1F200A881F7 /* AppDelegate.swift */,
				2E98853E26FBA1F200A881F7 /* ViewController.swift */,
				2E98854026FBA1F200A881F7 /* Main.storyboard */,
				2E98854526FBA1F300A881F7 /* LaunchScreen.storyboard */,
				2E98854826FBA1F300A881F7 /* Info.plist */,
			);
			path = CampApp;
			sourceTree = "<group>";
		};
		2E98854E26FBB53C00A881F7 /* Coordinators */ = {
			isa = PBXGroup;
			children = (
				2E98854F26FBB56D00A881F7 /* MainCoordinator.swift */,
			);
			path = Coordinators;
			sourceTree = "<group>";
		};
		2E98855126FBB61100A881F7 /* TabBar */ = {
			isa = PBXGroup;
			children = (
				2E98856626FBBB3F00A881F7 /* Models */,
				2E98855326FBB62400A881F7 /* Coordinator */,
			);
			path = TabBar;
			sourceTree = "<group>";
		};
		2E98855226FBB61800A881F7 /* Modules */ = {
			isa = PBXGroup;
			children = (
				2E98856226FBB9A600A881F7 /* Profile */,
				2E98855E26FBB95200A881F7 /* Favourite */,
				2E98855A26FBB91B00A881F7 /* Search */,
				2E98855626FBB8C000A881F7 /* Home */,
				2E98855126FBB61100A881F7 /* TabBar */,
			);
			path = Modules;
			sourceTree = "<group>";
		};
		2E98855326FBB62400A881F7 /* Coordinator */ = {
			isa = PBXGroup;
			children = (
				2E98855426FBB63A00A881F7 /* MainTabCoordinator.swift */,
			);
			path = Coordinator;
			sourceTree = "<group>";
		};
		2E98855626FBB8C000A881F7 /* Home */ = {
			isa = PBXGroup;
			children = (
				2E98858226FCC1A100A881F7 /* Interactor */,
				2E98858126FCC19C00A881F7 /* Presenter */,
				2E98858026FCC19600A881F7 /* Controller */,
				2E98855726FBB8E900A881F7 /* Coordinator */,
			);
			path = Home;
			sourceTree = "<group>";
		};
		2E98855726FBB8E900A881F7 /* Coordinator */ = {
			isa = PBXGroup;
			children = (
				2E98855826FBB8F800A881F7 /* HomeCoordinator.swift */,
			);
			path = Coordinator;
			sourceTree = "<group>";
		};
		2E98855A26FBB91B00A881F7 /* Search */ = {
			isa = PBXGroup;
			children = (
				2E98857F26FCC17C00A881F7 /* Interactor */,
				2E98857E26FCC17500A881F7 /* Presenter */,
				2E98857D26FCC16E00A881F7 /* Controller */,
				2E98855B26FBB92000A881F7 /* Coordinator */,
			);
			path = Search;
			sourceTree = "<group>";
		};
		2E98855B26FBB92000A881F7 /* Coordinator */ = {
			isa = PBXGroup;
			children = (
				2E98855C26FBB93400A881F7 /* SearchCoordinator.swift */,
			);
			path = Coordinator;
			sourceTree = "<group>";
		};
		2E98855E26FBB95200A881F7 /* Favourite */ = {
			isa = PBXGroup;
			children = (
				2E98857A26FCC14E00A881F7 /* Interactor */,
				2E98857B26FCC15500A881F7 /* Presenter */,
				2E98857C26FCC15D00A881F7 /* Controller */,
				2E98855F26FBB97D00A881F7 /* Coordinator */,
			);
			path = Favourite;
			sourceTree = "<group>";
		};
		2E98855F26FBB97D00A881F7 /* Coordinator */ = {
			isa = PBXGroup;
			children = (
				2E98856026FBB98800A881F7 /* FavouriteCoordinator.swift */,
			);
			path = Coordinator;
			sourceTree = "<group>";
		};
		2E98856226FBB9A600A881F7 /* Profile */ = {
			isa = PBXGroup;
			children = (
				2E98857926FCC10D00A881F7 /* Interactor */,
				2E98857826FCC10700A881F7 /* Presenter */,
				2E98857726FCC10100A881F7 /* Controller */,
				2E98856326FBB9B000A881F7 /* Coordinator */,
			);
			path = Profile;
			sourceTree = "<group>";
		};
		2E98856326FBB9B000A881F7 /* Coordinator */ = {
			isa = PBXGroup;
			children = (
				2E98856426FBB9BF00A881F7 /* ProfileCoordinator.swift */,
			);
			path = Coordinator;
			sourceTree = "<group>";
		};
		2E98856626FBBB3F00A881F7 /* Models */ = {
			isa = PBXGroup;
			children = (
				2E98856726FBBB4D00A881F7 /* Tabs.swift */,
			);
			path = Models;
			sourceTree = "<group>";
		};
		2E98857726FCC10100A881F7 /* Controller */ = {
			isa = PBXGroup;
			children = (
			);
			path = Controller;
			sourceTree = "<group>";
		};
		2E98857826FCC10700A881F7 /* Presenter */ = {
			isa = PBXGroup;
			children = (
			);
			path = Presenter;
			sourceTree = "<group>";
		};
		2E98857926FCC10D00A881F7 /* Interactor */ = {
			isa = PBXGroup;
			children = (
			);
			path = Interactor;
			sourceTree = "<group>";
		};
		2E98857A26FCC14E00A881F7 /* Interactor */ = {
			isa = PBXGroup;
			children = (
			);
			path = Interactor;
			sourceTree = "<group>";
		};
		2E98857B26FCC15500A881F7 /* Presenter */ = {
			isa = PBXGroup;
			children = (
			);
			path = Presenter;
			sourceTree = "<group>";
		};
		2E98857C26FCC15D00A881F7 /* Controller */ = {
			isa = PBXGroup;
			children = (
			);
			path = Controller;
			sourceTree = "<group>";
		};
		2E98857D26FCC16E00A881F7 /* Controller */ = {
			isa = PBXGroup;
			children = (
			);
			path = Controller;
			sourceTree = "<group>";
		};
		2E98857E26FCC17500A881F7 /* Presenter */ = {
			isa = PBXGroup;
			children = (
			);
			path = Presenter;
			sourceTree = "<group>";
		};
		2E98857F26FCC17C00A881F7 /* Interactor */ = {
			isa = PBXGroup;
			children = (
			);
			path = Interactor;
			sourceTree = "<group>";
		};
		2E98858026FCC19600A881F7 /* Controller */ = {
			isa = PBXGroup;
			children = (
				2E98858E26FCC78200A881F7 /* HomeController.swift */,
			);
			path = Controller;
			sourceTree = "<group>";
		};
		2E98858126FCC19C00A881F7 /* Presenter */ = {
			isa = PBXGroup;
			children = (
				2E26797B2703917E0090F074 /* HomePresenter.swift */,
			);
			path = Presenter;
			sourceTree = "<group>";
		};
		2E98858226FCC1A100A881F7 /* Interactor */ = {
			isa = PBXGroup;
			children = (
				2E26797D270391870090F074 /* HomeInteractor.swift */,
			);
			path = Interactor;
			sourceTree = "<group>";
		};
		DF178F2957180F8E5CB6890F /* Pods */ = {
			isa = PBXGroup;
			children = (
				473946798779F9F4937300F6 /* Pods-CampApp.debug.xcconfig */,
				A7EDADAF9D77FC0CA6FD83B2 /* Pods-CampApp.release.xcconfig */,
			);
			path = Pods;
			sourceTree = "<group>";
		};
		EA5EA3B90E087148A17AB016 /* Frameworks */ = {
			isa = PBXGroup;
			children = (
				2E182229270459F400B271CA /* YTNetwork.framework */,
				2E1821DC270457CC00B271CA /* Common.framework */,
				2E1821B72704538300B271CA /* YTUI.framework */,
				2E1821B32704523200B271CA /* UI.framework */,
				2E182180270451A900B271CA /* libAppUI.a */,
				AD8AFCA20E9EA1DAD56F59B3 /* Pods_CampApp.framework */,
			);
			name = Frameworks;
			sourceTree = "<group>";
		};
/* End PBXGroup section */

/* Begin PBXNativeTarget section */
		2E98853626FBA1F200A881F7 /* CampApp */ = {
			isa = PBXNativeTarget;
			buildConfigurationList = 2E98854B26FBA1F300A881F7 /* Build configuration list for PBXNativeTarget "CampApp" */;
			buildPhases = (
				0BA5434DA1793EC005D586F7 /* [CP] Check Pods Manifest.lock */,
				2E98853326FBA1F200A881F7 /* Sources */,
				2E98853426FBA1F200A881F7 /* Frameworks */,
				2E98853526FBA1F200A881F7 /* Resources */,
				2E1821BA2704538300B271CA /* Embed Frameworks */,
				030A76196E3B93E54595478E /* [CP] Embed Pods Frameworks */,
			);
			buildRules = (
			);
			dependencies = (
			);
			name = CampApp;
			productName = CampApp;
			productReference = 2E98853726FBA1F200A881F7 /* CampApp.app */;
			productType = "com.apple.product-type.application";
		};
/* End PBXNativeTarget section */

/* Begin PBXProject section */
		2E98852F26FBA1F200A881F7 /* Project object */ = {
			isa = PBXProject;
			attributes = {
				BuildIndependentTargetsInParallel = 1;
				LastSwiftUpdateCheck = 1300;
				LastUpgradeCheck = 1300;
				TargetAttributes = {
					2E98853626FBA1F200A881F7 = {
						CreatedOnToolsVersion = 13.0;
					};
				};
			};
			buildConfigurationList = 2E98853226FBA1F200A881F7 /* Build configuration list for PBXProject "CampApp" */;
			compatibilityVersion = "Xcode 13.0";
			developmentRegion = en;
			hasScannedForEncodings = 0;
			knownRegions = (
				en,
				Base,
			);
			mainGroup = 2E98852E26FBA1F200A881F7;
			productRefGroup = 2E98853826FBA1F200A881F7 /* Products */;
			projectDirPath = "";
			projectRoot = "";
			targets = (
				2E98853626FBA1F200A881F7 /* CampApp */,
			);
		};
/* End PBXProject section */

/* Begin PBXResourcesBuildPhase section */
		2E98853526FBA1F200A881F7 /* Resources */ = {
			isa = PBXResourcesBuildPhase;
			buildActionMask = 2147483647;
			files = (
				2E98854726FBA1F300A881F7 /* LaunchScreen.storyboard in Resources */,
				2E18224B27046B4200B271CA /* Rubik-Bold.ttf in Resources */,
				2E98859126FCDB1D00A881F7 /* GoogleService-Info.plist in Resources */,
				2E18225027046B4200B271CA /* Rubik-Black.ttf in Resources */,
				2E18224A27046B4200B271CA /* Rubik-MediumItalic.ttf in Resources */,
				2E18225427046B4200B271CA /* Rubik-BlackItalic.ttf in Resources */,
				2E98854426FBA1F300A881F7 /* Assets.xcassets in Resources */,
				2E18225727046B4200B271CA /* Rubik-BoldItalic.ttf in Resources */,
				2E18224D27046B4200B271CA /* Rubik-Light.ttf in Resources */,
				2E18225227046B4200B271CA /* Rubik-LightItalic.ttf in Resources */,
				2E18224E27046B4200B271CA /* Rubik-Medium.ttf in Resources */,
				2E18225127046B4200B271CA /* Rubik-Italic.ttf in Resources */,
				2E98854226FBA1F200A881F7 /* Main.storyboard in Resources */,
				2E18224F27046B4200B271CA /* Rubik-ExtraBoldItalic.ttf in Resources */,
				2E18225627046B4200B271CA /* Rubik-Regular.ttf in Resources */,
				2E18224C27046B4200B271CA /* Rubik-SemiBoldItalic.ttf in Resources */,
				2E18225527046B4200B271CA /* Rubik-ExtraBold.ttf in Resources */,
				2E18225327046B4200B271CA /* Rubik-SemiBold.ttf in Resources */,
			);
			runOnlyForDeploymentPostprocessing = 0;
		};
/* End PBXResourcesBuildPhase section */

/* Begin PBXShellScriptBuildPhase section */
		030A76196E3B93E54595478E /* [CP] Embed Pods Frameworks */ = {
			isa = PBXShellScriptBuildPhase;
			buildActionMask = 2147483647;
			files = (
			);
			inputFileListPaths = (
				"${PODS_ROOT}/Target Support Files/Pods-CampApp/Pods-CampApp-frameworks-${CONFIGURATION}-input-files.xcfilelist",
			);
			name = "[CP] Embed Pods Frameworks";
			outputFileListPaths = (
				"${PODS_ROOT}/Target Support Files/Pods-CampApp/Pods-CampApp-frameworks-${CONFIGURATION}-output-files.xcfilelist",
			);
			runOnlyForDeploymentPostprocessing = 0;
			shellPath = /bin/sh;
			shellScript = "\"${PODS_ROOT}/Target Support Files/Pods-CampApp/Pods-CampApp-frameworks.sh\"\n";
			showEnvVarsInLog = 0;
		};
		0BA5434DA1793EC005D586F7 /* [CP] Check Pods Manifest.lock */ = {
			isa = PBXShellScriptBuildPhase;
			buildActionMask = 2147483647;
			files = (
			);
			inputFileListPaths = (
			);
			inputPaths = (
				"${PODS_PODFILE_DIR_PATH}/Podfile.lock",
				"${PODS_ROOT}/Manifest.lock",
			);
			name = "[CP] Check Pods Manifest.lock";
			outputFileListPaths = (
			);
			outputPaths = (
				"$(DERIVED_FILE_DIR)/Pods-CampApp-checkManifestLockResult.txt",
			);
			runOnlyForDeploymentPostprocessing = 0;
			shellPath = /bin/sh;
			shellScript = "diff \"${PODS_PODFILE_DIR_PATH}/Podfile.lock\" \"${PODS_ROOT}/Manifest.lock\" > /dev/null\nif [ $? != 0 ] ; then\n    # print error to STDERR\n    echo \"error: The sandbox is not in sync with the Podfile.lock. Run 'pod install' or update your CocoaPods installation.\" >&2\n    exit 1\nfi\n# This output is used by Xcode 'outputs' to avoid re-running this script phase.\necho \"SUCCESS\" > \"${SCRIPT_OUTPUT_FILE_0}\"\n";
			showEnvVarsInLog = 0;
		};
/* End PBXShellScriptBuildPhase section */

/* Begin PBXSourcesBuildPhase section */
		2E98853326FBA1F200A881F7 /* Sources */ = {
			isa = PBXSourcesBuildPhase;
			buildActionMask = 2147483647;
			files = (
				2E98856526FBB9BF00A881F7 /* ProfileCoordinator.swift in Sources */,
				2E26797C2703917E0090F074 /* HomePresenter.swift in Sources */,
				2E98856126FBB98800A881F7 /* FavouriteCoordinator.swift in Sources */,
				2E26797E270391870090F074 /* HomeInteractor.swift in Sources */,
				2E1822342704684200B271CA /* FirebaseNetwork.swift in Sources */,
				2E98853F26FBA1F200A881F7 /* ViewController.swift in Sources */,
				2E98855026FBB56D00A881F7 /* MainCoordinator.swift in Sources */,
				2E98855926FBB8F800A881F7 /* HomeCoordinator.swift in Sources */,
				2E98858F26FCC78200A881F7 /* HomeController.swift in Sources */,
				2E98856826FBBB4D00A881F7 /* Tabs.swift in Sources */,
				2E98853B26FBA1F200A881F7 /* AppDelegate.swift in Sources */,
				2E98855D26FBB93400A881F7 /* SearchCoordinator.swift in Sources */,
				2E98855526FBB63A00A881F7 /* MainTabCoordinator.swift in Sources */,
				2E1822382704689200B271CA /* Extensions.swift in Sources */,
			);
			runOnlyForDeploymentPostprocessing = 0;
		};
/* End PBXSourcesBuildPhase section */

/* Begin PBXVariantGroup section */
		2E98854026FBA1F200A881F7 /* Main.storyboard */ = {
			isa = PBXVariantGroup;
			children = (
				2E98854126FBA1F200A881F7 /* Base */,
			);
			name = Main.storyboard;
			sourceTree = "<group>";
		};
		2E98854526FBA1F300A881F7 /* LaunchScreen.storyboard */ = {
			isa = PBXVariantGroup;
			children = (
				2E98854626FBA1F300A881F7 /* Base */,
			);
			name = LaunchScreen.storyboard;
			sourceTree = "<group>";
		};
/* End PBXVariantGroup section */

/* Begin XCBuildConfiguration section */
		2E98854926FBA1F300A881F7 /* Debug */ = {
			isa = XCBuildConfiguration;
			buildSettings = {
				ALWAYS_SEARCH_USER_PATHS = NO;
				CLANG_ANALYZER_NONNULL = YES;
				CLANG_ANALYZER_NUMBER_OBJECT_CONVERSION = YES_AGGRESSIVE;
				CLANG_CXX_LANGUAGE_STANDARD = "gnu++17";
				CLANG_CXX_LIBRARY = "libc++";
				CLANG_ENABLE_MODULES = YES;
				CLANG_ENABLE_OBJC_ARC = YES;
				CLANG_ENABLE_OBJC_WEAK = YES;
				CLANG_WARN_BLOCK_CAPTURE_AUTORELEASING = YES;
				CLANG_WARN_BOOL_CONVERSION = YES;
				CLANG_WARN_COMMA = YES;
				CLANG_WARN_CONSTANT_CONVERSION = YES;
				CLANG_WARN_DEPRECATED_OBJC_IMPLEMENTATIONS = YES;
				CLANG_WARN_DIRECT_OBJC_ISA_USAGE = YES_ERROR;
				CLANG_WARN_DOCUMENTATION_COMMENTS = YES;
				CLANG_WARN_EMPTY_BODY = YES;
				CLANG_WARN_ENUM_CONVERSION = YES;
				CLANG_WARN_INFINITE_RECURSION = YES;
				CLANG_WARN_INT_CONVERSION = YES;
				CLANG_WARN_NON_LITERAL_NULL_CONVERSION = YES;
				CLANG_WARN_OBJC_IMPLICIT_RETAIN_SELF = YES;
				CLANG_WARN_OBJC_LITERAL_CONVERSION = YES;
				CLANG_WARN_OBJC_ROOT_CLASS = YES_ERROR;
				CLANG_WARN_QUOTED_INCLUDE_IN_FRAMEWORK_HEADER = YES;
				CLANG_WARN_RANGE_LOOP_ANALYSIS = YES;
				CLANG_WARN_STRICT_PROTOTYPES = YES;
				CLANG_WARN_SUSPICIOUS_MOVE = YES;
				CLANG_WARN_UNGUARDED_AVAILABILITY = YES_AGGRESSIVE;
				CLANG_WARN_UNREACHABLE_CODE = YES;
				CLANG_WARN__DUPLICATE_METHOD_MATCH = YES;
				COPY_PHASE_STRIP = NO;
				DEBUG_INFORMATION_FORMAT = dwarf;
				ENABLE_STRICT_OBJC_MSGSEND = YES;
				ENABLE_TESTABILITY = YES;
				GCC_C_LANGUAGE_STANDARD = gnu11;
				GCC_DYNAMIC_NO_PIC = NO;
				GCC_NO_COMMON_BLOCKS = YES;
				GCC_OPTIMIZATION_LEVEL = 0;
				GCC_PREPROCESSOR_DEFINITIONS = (
					"DEBUG=1",
					"$(inherited)",
				);
				GCC_WARN_64_TO_32_BIT_CONVERSION = YES;
				GCC_WARN_ABOUT_RETURN_TYPE = YES_ERROR;
				GCC_WARN_UNDECLARED_SELECTOR = YES;
				GCC_WARN_UNINITIALIZED_AUTOS = YES_AGGRESSIVE;
				GCC_WARN_UNUSED_FUNCTION = YES;
				GCC_WARN_UNUSED_VARIABLE = YES;
				IPHONEOS_DEPLOYMENT_TARGET = 15.0;
				MTL_ENABLE_DEBUG_INFO = INCLUDE_SOURCE;
				MTL_FAST_MATH = YES;
				ONLY_ACTIVE_ARCH = YES;
				SDKROOT = iphoneos;
				SWIFT_ACTIVE_COMPILATION_CONDITIONS = DEBUG;
				SWIFT_OPTIMIZATION_LEVEL = "-Onone";
			};
			name = Debug;
		};
		2E98854A26FBA1F300A881F7 /* Release */ = {
			isa = XCBuildConfiguration;
			buildSettings = {
				ALWAYS_SEARCH_USER_PATHS = NO;
				CLANG_ANALYZER_NONNULL = YES;
				CLANG_ANALYZER_NUMBER_OBJECT_CONVERSION = YES_AGGRESSIVE;
				CLANG_CXX_LANGUAGE_STANDARD = "gnu++17";
				CLANG_CXX_LIBRARY = "libc++";
				CLANG_ENABLE_MODULES = YES;
				CLANG_ENABLE_OBJC_ARC = YES;
				CLANG_ENABLE_OBJC_WEAK = YES;
				CLANG_WARN_BLOCK_CAPTURE_AUTORELEASING = YES;
				CLANG_WARN_BOOL_CONVERSION = YES;
				CLANG_WARN_COMMA = YES;
				CLANG_WARN_CONSTANT_CONVERSION = YES;
				CLANG_WARN_DEPRECATED_OBJC_IMPLEMENTATIONS = YES;
				CLANG_WARN_DIRECT_OBJC_ISA_USAGE = YES_ERROR;
				CLANG_WARN_DOCUMENTATION_COMMENTS = YES;
				CLANG_WARN_EMPTY_BODY = YES;
				CLANG_WARN_ENUM_CONVERSION = YES;
				CLANG_WARN_INFINITE_RECURSION = YES;
				CLANG_WARN_INT_CONVERSION = YES;
				CLANG_WARN_NON_LITERAL_NULL_CONVERSION = YES;
				CLANG_WARN_OBJC_IMPLICIT_RETAIN_SELF = YES;
				CLANG_WARN_OBJC_LITERAL_CONVERSION = YES;
				CLANG_WARN_OBJC_ROOT_CLASS = YES_ERROR;
				CLANG_WARN_QUOTED_INCLUDE_IN_FRAMEWORK_HEADER = YES;
				CLANG_WARN_RANGE_LOOP_ANALYSIS = YES;
				CLANG_WARN_STRICT_PROTOTYPES = YES;
				CLANG_WARN_SUSPICIOUS_MOVE = YES;
				CLANG_WARN_UNGUARDED_AVAILABILITY = YES_AGGRESSIVE;
				CLANG_WARN_UNREACHABLE_CODE = YES;
				CLANG_WARN__DUPLICATE_METHOD_MATCH = YES;
				COPY_PHASE_STRIP = NO;
				DEBUG_INFORMATION_FORMAT = "dwarf-with-dsym";
				ENABLE_NS_ASSERTIONS = NO;
				ENABLE_STRICT_OBJC_MSGSEND = YES;
				GCC_C_LANGUAGE_STANDARD = gnu11;
				GCC_NO_COMMON_BLOCKS = YES;
				GCC_WARN_64_TO_32_BIT_CONVERSION = YES;
				GCC_WARN_ABOUT_RETURN_TYPE = YES_ERROR;
				GCC_WARN_UNDECLARED_SELECTOR = YES;
				GCC_WARN_UNINITIALIZED_AUTOS = YES_AGGRESSIVE;
				GCC_WARN_UNUSED_FUNCTION = YES;
				GCC_WARN_UNUSED_VARIABLE = YES;
				IPHONEOS_DEPLOYMENT_TARGET = 15.0;
				MTL_ENABLE_DEBUG_INFO = NO;
				MTL_FAST_MATH = YES;
				SDKROOT = iphoneos;
				SWIFT_COMPILATION_MODE = wholemodule;
				SWIFT_OPTIMIZATION_LEVEL = "-O";
				VALIDATE_PRODUCT = YES;
			};
			name = Release;
		};
		2E98854C26FBA1F300A881F7 /* Debug */ = {
			isa = XCBuildConfiguration;
			baseConfigurationReference = 473946798779F9F4937300F6 /* Pods-CampApp.debug.xcconfig */;
			buildSettings = {
				ASSETCATALOG_COMPILER_APPICON_NAME = AppIcon;
				ASSETCATALOG_COMPILER_GLOBAL_ACCENT_COLOR_NAME = AccentColor;
				CODE_SIGN_IDENTITY = "Apple Development";
				CODE_SIGN_STYLE = Automatic;
				CURRENT_PROJECT_VERSION = 1;
				DEVELOPMENT_TEAM = W3475PQ5N9;
				EXCLUDED_ARCHS = arm64;
				GENERATE_INFOPLIST_FILE = YES;
				INFOPLIST_FILE = CampApp/Info.plist;
				INFOPLIST_KEY_UIApplicationSupportsIndirectInputEvents = YES;
				INFOPLIST_KEY_UILaunchStoryboardName = LaunchScreen;
				INFOPLIST_KEY_UIMainStoryboardFile = Main;
				INFOPLIST_KEY_UISupportedInterfaceOrientations_iPad = "UIInterfaceOrientationPortrait UIInterfaceOrientationPortraitUpsideDown UIInterfaceOrientationLandscapeLeft UIInterfaceOrientationLandscapeRight";
				INFOPLIST_KEY_UISupportedInterfaceOrientations_iPhone = "UIInterfaceOrientationPortrait UIInterfaceOrientationLandscapeLeft UIInterfaceOrientationLandscapeRight";
				IPHONEOS_DEPLOYMENT_TARGET = 13.0;
				LD_RUNPATH_SEARCH_PATHS = (
					"$(inherited)",
					"@executable_path/Frameworks",
				);
				MARKETING_VERSION = 1.0;
				PRODUCT_BUNDLE_IDENTIFIER = com.campApp.app;
				PRODUCT_NAME = "$(TARGET_NAME)";
				PROVISIONING_PROFILE_SPECIFIER = "";
				SWIFT_EMIT_LOC_STRINGS = YES;
				SWIFT_VERSION = 5.0;
				TARGETED_DEVICE_FAMILY = "1,2";
				VALIDATE_WORKSPACE = YES;
			};
			name = Debug;
		};
		2E98854D26FBA1F300A881F7 /* Release */ = {
			isa = XCBuildConfiguration;
			baseConfigurationReference = A7EDADAF9D77FC0CA6FD83B2 /* Pods-CampApp.release.xcconfig */;
			buildSettings = {
				ASSETCATALOG_COMPILER_APPICON_NAME = AppIcon;
				ASSETCATALOG_COMPILER_GLOBAL_ACCENT_COLOR_NAME = AccentColor;
				CODE_SIGN_IDENTITY = "Apple Development";
				CODE_SIGN_STYLE = Automatic;
				CURRENT_PROJECT_VERSION = 1;
				DEVELOPMENT_TEAM = W3475PQ5N9;
				GENERATE_INFOPLIST_FILE = YES;
				INFOPLIST_FILE = CampApp/Info.plist;
				INFOPLIST_KEY_UIApplicationSupportsIndirectInputEvents = YES;
				INFOPLIST_KEY_UILaunchStoryboardName = LaunchScreen;
				INFOPLIST_KEY_UIMainStoryboardFile = Main;
				INFOPLIST_KEY_UISupportedInterfaceOrientations_iPad = "UIInterfaceOrientationPortrait UIInterfaceOrientationPortraitUpsideDown UIInterfaceOrientationLandscapeLeft UIInterfaceOrientationLandscapeRight";
				INFOPLIST_KEY_UISupportedInterfaceOrientations_iPhone = "UIInterfaceOrientationPortrait UIInterfaceOrientationLandscapeLeft UIInterfaceOrientationLandscapeRight";
				IPHONEOS_DEPLOYMENT_TARGET = 13.0;
				LD_RUNPATH_SEARCH_PATHS = (
					"$(inherited)",
					"@executable_path/Frameworks",
				);
				MARKETING_VERSION = 1.0;
				PRODUCT_BUNDLE_IDENTIFIER = com.campApp.app;
				PRODUCT_NAME = "$(TARGET_NAME)";
				PROVISIONING_PROFILE_SPECIFIER = "";
				SWIFT_EMIT_LOC_STRINGS = YES;
				SWIFT_VERSION = 5.0;
				TARGETED_DEVICE_FAMILY = "1,2";
				VALIDATE_WORKSPACE = YES;
			};
			name = Release;
		};
/* End XCBuildConfiguration section */

/* Begin XCConfigurationList section */
		2E98853226FBA1F200A881F7 /* Build configuration list for PBXProject "CampApp" */ = {
			isa = XCConfigurationList;
			buildConfigurations = (
				2E98854926FBA1F300A881F7 /* Debug */,
				2E98854A26FBA1F300A881F7 /* Release */,
			);
			defaultConfigurationIsVisible = 0;
			defaultConfigurationName = Release;
		};
		2E98854B26FBA1F300A881F7 /* Build configuration list for PBXNativeTarget "CampApp" */ = {
			isa = XCConfigurationList;
			buildConfigurations = (
				2E98854C26FBA1F300A881F7 /* Debug */,
				2E98854D26FBA1F300A881F7 /* Release */,
			);
			defaultConfigurationIsVisible = 0;
			defaultConfigurationName = Release;
		};
/* End XCConfigurationList section */
	};
	rootObject = 2E98852F26FBA1F200A881F7 /* Project object */;
}
